// !$*UTF8*$!
{
	archiveVersion = 1;
	classes = {
	};
	objectVersion = 46;
	objects = {

/* Begin PBXAggregateTarget section */
		6C70328E101E405D90D04461 /* RUN_TESTS */ = {
			isa = PBXAggregateTarget;
			buildConfigurationList = 920043F316224036BCDE41B6 /* Build configuration list for PBXAggregateTarget "RUN_TESTS" */;
			buildPhases = (
				003C8D08B0008F35F218E126 /* CMake PostBuild Rules */,
			);
			dependencies = (
			);
			name = RUN_TESTS;
			productName = RUN_TESTS;
		};
		8E1DD9A2B5724B10A912C43D /* package */ = {
			isa = PBXAggregateTarget;
			buildConfigurationList = 3F510C06BD8A4F9C8A4C8840 /* Build configuration list for PBXAggregateTarget "package" */;
			buildPhases = (
				571234464C2A5D0D43F1AB42 /* CMake PostBuild Rules */,
			);
			dependencies = (
				B5A746470C604ED98B9E9E0E /* PBXTargetDependency */,
			);
			name = package;
			productName = package;
		};
		C08094B7A78641F983B39091 /* install */ = {
			isa = PBXAggregateTarget;
			buildConfigurationList = 240BAD6B2B0E49878D67D7B4 /* Build configuration list for PBXAggregateTarget "install" */;
			buildPhases = (
				93426DA6A4AC2C2AC9CE883C /* CMake PostBuild Rules */,
			);
			dependencies = (
				FA5AFDD0AF7E455B8C7572F0 /* PBXTargetDependency */,
			);
			name = install;
			productName = install;
		};
		D0076E0C6A1E4F65A05B8A1E /* ALL_BUILD */ = {
			isa = PBXAggregateTarget;
			buildConfigurationList = 6DC821E70FDE45C687395E2D /* Build configuration list for PBXAggregateTarget "ALL_BUILD" */;
			buildPhases = (
				3690F2ECB7AF1F1BB3C058E8 /* Generate CMakeFiles/ALL_BUILD */,
			);
			dependencies = (
				CB642FEF9C3744768B9DAC2E /* PBXTargetDependency */,
				385D4E0411EF40DB9DF51689 /* PBXTargetDependency */,
				099A0CB5EB724B40B9BDE2DF /* PBXTargetDependency */,
			);
			name = ALL_BUILD;
			productName = ALL_BUILD;
		};
		D57DB21D30464006B1D1577E /* ZERO_CHECK */ = {
			isa = PBXAggregateTarget;
			buildConfigurationList = 903A80FC0E9545908D51F5DE /* Build configuration list for PBXAggregateTarget "ZERO_CHECK" */;
			buildPhases = (
				07425B66C5F1BBB45BD2B105 /* Generate CMakeFiles/ZERO_CHECK */,
			);
			dependencies = (
			);
			name = ZERO_CHECK;
			productName = ZERO_CHECK;
		};
/* End PBXAggregateTarget section */

/* Begin PBXBuildFile section */
		026E5E466BC94A82879DD73A /* /Users/BrightLand/Envy/_opencv/modules/flann/include/opencv2/flann/matrix.h */ = {isa = PBXBuildFile; fileRef = 70B63A4253804C9AB96E9FA8 /* /Users/BrightLand/Envy/_opencv/modules/flann/include/opencv2/flann/matrix.h */; };
		0610544BA2634D58B3BE4E22 /* /Users/BrightLand/Envy/_opencv/modules/flann/include/opencv2/flann/hdf5.h */ = {isa = PBXBuildFile; fileRef = 6BA2DADFE71F4BF5B2536061 /* /Users/BrightLand/Envy/_opencv/modules/flann/include/opencv2/flann/hdf5.h */; };
		08F7E499E00E467C9AC16F13 /* /Users/BrightLand/Envy/_opencv/modules/flann/include/opencv2/flann.hpp */ = {isa = PBXBuildFile; fileRef = E9A812C11B1A45B192E5B8F8 /* /Users/BrightLand/Envy/_opencv/modules/flann/include/opencv2/flann.hpp */; };
		1731268571EE40C59D4EEF11 /* /Users/BrightLand/Envy/_opencv/modules/flann/include/opencv2/flann/all_indices.h */ = {isa = PBXBuildFile; fileRef = 837ECA5E196A4B9F8E444909 /* /Users/BrightLand/Envy/_opencv/modules/flann/include/opencv2/flann/all_indices.h */; };
		18CEF057D58348A7BD38EBA7 /* /Users/BrightLand/Envy/_opencv/modules/flann/include/opencv2/flann/logger.h */ = {isa = PBXBuildFile; fileRef = 02030E22B84E49DD88786D39 /* /Users/BrightLand/Envy/_opencv/modules/flann/include/opencv2/flann/logger.h */; };
		19D6CE2D255849278531F99C /* /Users/BrightLand/Envy/_opencv/modules/flann/include/opencv2/flann/hierarchical_clustering_index.h */ = {isa = PBXBuildFile; fileRef = 43AB5700B44A45C095F78671 /* /Users/BrightLand/Envy/_opencv/modules/flann/include/opencv2/flann/hierarchical_clustering_index.h */; };
		1CE396875B284458A1F315A9 /* /Users/BrightLand/Envy/_opencv/modules/flann/include/opencv2/flann/miniflann.hpp */ = {isa = PBXBuildFile; fileRef = 23F7402BCD89400795FEEBC5 /* /Users/BrightLand/Envy/_opencv/modules/flann/include/opencv2/flann/miniflann.hpp */; };
		2C150C82D0174C51AC6334DF /* /Users/BrightLand/Envy/_opencv/modules/flann/include/opencv2/flann/simplex_downhill.h */ = {isa = PBXBuildFile; fileRef = 24BF1E6FF7D14847B398681F /* /Users/BrightLand/Envy/_opencv/modules/flann/include/opencv2/flann/simplex_downhill.h */; };
		375FD3897739423194EC6EF6 /* /Users/BrightLand/Envy/_opencv/modules/flann/CMakeLists.txt */ = {isa = PBXBuildFile; fileRef = 29C4EC2979424C169DD03CD3 /* /Users/BrightLand/Envy/_opencv/modules/flann/CMakeLists.txt */; };
		3765C8C800534473B99C31E7 /* /Users/BrightLand/Envy/_opencv/modules/flann/include/opencv2/flann/general.h */ = {isa = PBXBuildFile; fileRef = F6D43028BEE245BD9347C4E1 /* /Users/BrightLand/Envy/_opencv/modules/flann/include/opencv2/flann/general.h */; };
		4FB6B1377CF54FE18F9E6043 /* /Users/BrightLand/Envy/_opencv/modules/flann/include/opencv2/flann/ground_truth.h */ = {isa = PBXBuildFile; fileRef = 81AF67EA4F52431495B447FF /* /Users/BrightLand/Envy/_opencv/modules/flann/include/opencv2/flann/ground_truth.h */; };
		50A3156098024A0C92005EED /* /Users/BrightLand/Envy/_opencv/modules/flann/include/opencv2/flann/linear_index.h */ = {isa = PBXBuildFile; fileRef = ACC2DEB65B7F44FAB072632D /* /Users/BrightLand/Envy/_opencv/modules/flann/include/opencv2/flann/linear_index.h */; };
		531A04F9E786418BB4AB3DBD /* /Users/BrightLand/Envy/_opencv/modules/flann/include/opencv2/flann/result_set.h */ = {isa = PBXBuildFile; fileRef = A3090DA116894FB3B556F528 /* /Users/BrightLand/Envy/_opencv/modules/flann/include/opencv2/flann/result_set.h */; };
		567A780E4BD842898996A9F6 /* /Users/BrightLand/Envy/_opencv/modules/flann/include/opencv2/flann/config.h */ = {isa = PBXBuildFile; fileRef = 9383C5C79A2E4EFBA91162F2 /* /Users/BrightLand/Envy/_opencv/modules/flann/include/opencv2/flann/config.h */; };
		5DF3F065641E440FA138DF42 /* /Users/BrightLand/Envy/_opencv/modules/flann/include/opencv2/flann/dynamic_bitset.h */ = {isa = PBXBuildFile; fileRef = C69E299520BF464E9458958F /* /Users/BrightLand/Envy/_opencv/modules/flann/include/opencv2/flann/dynamic_bitset.h */; };
		5EC1E3D7502842A7A1490263 /* /Users/BrightLand/Envy/_opencv/modules/flann/include/opencv2/flann/heap.h */ = {isa = PBXBuildFile; fileRef = 3FB9FA391A19471F8B71720F /* /Users/BrightLand/Envy/_opencv/modules/flann/include/opencv2/flann/heap.h */; };
		60C4608D19F44F78BDF6CCB1 /* /Users/BrightLand/Envy/_opencv/modules/flann/include/opencv2/flann/composite_index.h */ = {isa = PBXBuildFile; fileRef = E14AE0FF3BDC455393311C27 /* /Users/BrightLand/Envy/_opencv/modules/flann/include/opencv2/flann/composite_index.h */; };
		69CBB37A57134E318BF451E2 /* /Users/BrightLand/Envy/_opencv/modules/flann/include/opencv2/flann/dist.h */ = {isa = PBXBuildFile; fileRef = FF017A7A3D7F41FA9FEF7B66 /* /Users/BrightLand/Envy/_opencv/modules/flann/include/opencv2/flann/dist.h */; };
		6AFAEAD532284090BD0DC43A /* /Users/BrightLand/Envy/_opencv/modules/flann/include/opencv2/flann/kdtree_single_index.h */ = {isa = PBXBuildFile; fileRef = 79C77295DD294023854E35C2 /* /Users/BrightLand/Envy/_opencv/modules/flann/include/opencv2/flann/kdtree_single_index.h */; };
		728677F76D1843B9A1AEC24A /* /Users/BrightLand/Envy/_opencv/modules/flann/include/opencv2/flann/timer.h */ = {isa = PBXBuildFile; fileRef = DA75EC151157489595E1DF14 /* /Users/BrightLand/Envy/_opencv/modules/flann/include/opencv2/flann/timer.h */; };
		83474F912692442B8BFB702F /* /Users/BrightLand/Envy/_opencv/modules/flann/include/opencv2/flann/object_factory.h */ = {isa = PBXBuildFile; fileRef = 97E1F6C878AE41BC949F389F /* /Users/BrightLand/Envy/_opencv/modules/flann/include/opencv2/flann/object_factory.h */; };
		8516E6657BBA49789B510D45 /* /Users/BrightLand/Envy/_opencv/modules/flann/test/test_precomp.hpp */ = {isa = PBXBuildFile; fileRef = 3ACB876A77244C989F63AE2E /* /Users/BrightLand/Envy/_opencv/modules/flann/test/test_precomp.hpp */; };
		89E2AD2C738C4B9FB93D8DCF /* /Users/BrightLand/Envy/_opencv/modules/flann/include/opencv2/flann/index_testing.h */ = {isa = PBXBuildFile; fileRef = 0591E45AC7DA4D8D810545E0 /* /Users/BrightLand/Envy/_opencv/modules/flann/include/opencv2/flann/index_testing.h */; };
		8C9899FA74AC481189836672 /* /Users/BrightLand/Envy/_opencv/modules/flann/src/precomp.hpp */ = {isa = PBXBuildFile; fileRef = FDFE4E61942443879F6A3A19 /* /Users/BrightLand/Envy/_opencv/modules/flann/src/precomp.hpp */; };
		906DAEE186F24F0EBC9C7388 /* /Users/BrightLand/Envy/_opencv/modules/flann/include/opencv2/flann/any.h */ = {isa = PBXBuildFile; fileRef = 3125E698905B424E8C10C550 /* /Users/BrightLand/Envy/_opencv/modules/flann/include/opencv2/flann/any.h */; };
		940BA57A987C4EF38B1D291B /* /Users/BrightLand/Envy/_opencv/modules/flann/src/miniflann.cpp */ = {isa = PBXBuildFile; fileRef = FF7378E1026041F1B635E9AF /* /Users/BrightLand/Envy/_opencv/modules/flann/src/miniflann.cpp */; };
		98D7D16C6B2B4C749E1643BC /* /Users/BrightLand/Envy/_opencv/modules/flann/include/opencv2/flann/nn_index.h */ = {isa = PBXBuildFile; fileRef = 606A9EC3F98A4019BF60DCE2 /* /Users/BrightLand/Envy/_opencv/modules/flann/include/opencv2/flann/nn_index.h */; };
		9E2013728A894F57920A51B1 /* /Users/BrightLand/Envy/_opencv/modules/flann/CMakeLists.txt */ = {isa = PBXBuildFile; fileRef = 8380639F684A4C1FBA92BD9D /* /Users/BrightLand/Envy/_opencv/modules/flann/CMakeLists.txt */; };
		AA5FD1068B8D4D8796F4D1ED /* /Users/BrightLand/Envy/_opencv/modules/flann/include/opencv2/flann/kmeans_index.h */ = {isa = PBXBuildFile; fileRef = 04546B28A40B4D8FB083F03F /* /Users/BrightLand/Envy/_opencv/modules/flann/include/opencv2/flann/kmeans_index.h */; };
		B4AA13599FFA401894325276 /* /Users/BrightLand/Envy/_opencv/modules/flann/include/opencv2/flann/flann_base.hpp */ = {isa = PBXBuildFile; fileRef = 0E6CC7CC89D6499D9BC2A23E /* /Users/BrightLand/Envy/_opencv/modules/flann/include/opencv2/flann/flann_base.hpp */; };
		B6E1FFC28FAF405FB153517F /* /Users/BrightLand/Envy/_opencv/modules/flann/include/opencv2/flann/flann.hpp */ = {isa = PBXBuildFile; fileRef = F76D35EBCF3940EDBC001DDA /* /Users/BrightLand/Envy/_opencv/modules/flann/include/opencv2/flann/flann.hpp */; };
		B8D7D2E35F1744A6AC6BE3C0 /* /Users/BrightLand/Envy/_opencv/modules/flann/include/opencv2/flann/defines.h */ = {isa = PBXBuildFile; fileRef = D86CB36D6FE840FDB4BE684E /* /Users/BrightLand/Envy/_opencv/modules/flann/include/opencv2/flann/defines.h */; };
		BC03FF2C4E0E485BAFEA0510 /* /Users/BrightLand/Envy/_opencv/modules/flann/test/test_main.cpp */ = {isa = PBXBuildFile; fileRef = 42A65ECA17F341568DD99443 /* /Users/BrightLand/Envy/_opencv/modules/flann/test/test_main.cpp */; };
		C43C64B18AB74C80A2F17571 /* /Users/BrightLand/Envy/_opencv/modules/flann/include/opencv2/flann/sampling.h */ = {isa = PBXBuildFile; fileRef = 7DC3E70107F84DADBC9AC087 /* /Users/BrightLand/Envy/_opencv/modules/flann/include/opencv2/flann/sampling.h */; };
		CA531519712247E2AA3966E6 /* /Users/BrightLand/Envy/OpenCV/opencv2/opencv_modules.hpp */ = {isa = PBXBuildFile; fileRef = D9689BC45AF042C88A85173F /* /Users/BrightLand/Envy/OpenCV/opencv2/opencv_modules.hpp */; };
		D240DB64E1F74CF894E4C7C6 /* /Users/BrightLand/Envy/_opencv/modules/flann/src/flann.cpp */ = {isa = PBXBuildFile; fileRef = 03B2247A10CC465B82B27BC0 /* /Users/BrightLand/Envy/_opencv/modules/flann/src/flann.cpp */; };
		D3D1A98C94EC4EB48984F2E3 /* /Users/BrightLand/Envy/_opencv/modules/flann/include/opencv2/flann/params.h */ = {isa = PBXBuildFile; fileRef = C46071862CE340579549B273 /* /Users/BrightLand/Envy/_opencv/modules/flann/include/opencv2/flann/params.h */; };
		E162B7B6B17E4792A0578468 /* /Users/BrightLand/Envy/_opencv/modules/flann/include/opencv2/flann/dummy.h */ = {isa = PBXBuildFile; fileRef = 44CB5A5296BB40B8B1FBA8E4 /* /Users/BrightLand/Envy/_opencv/modules/flann/include/opencv2/flann/dummy.h */; };
		E5D09205C26D465AB9C7CAD1 /* /Users/BrightLand/Envy/_opencv/modules/flann/include/opencv2/flann/random.h */ = {isa = PBXBuildFile; fileRef = F8BFF6D9406C47D79D3447BC /* /Users/BrightLand/Envy/_opencv/modules/flann/include/opencv2/flann/random.h */; };
		F06B00F941644B918432441B /* /Users/BrightLand/Envy/_opencv/modules/flann/include/opencv2/flann/autotuned_index.h */ = {isa = PBXBuildFile; fileRef = AEDE604A9F934D169C9AEB68 /* /Users/BrightLand/Envy/_opencv/modules/flann/include/opencv2/flann/autotuned_index.h */; };
		F56A3B9F3E1146AAB7D91618 /* /Users/BrightLand/Envy/_opencv/modules/flann/include/opencv2/flann/saving.h */ = {isa = PBXBuildFile; fileRef = CEF46DAB719044D6A610FB20 /* /Users/BrightLand/Envy/_opencv/modules/flann/include/opencv2/flann/saving.h */; };
		F79B6578661C4CC1840B5C54 /* /Users/BrightLand/Envy/_opencv/modules/flann/include/opencv2/flann/allocator.h */ = {isa = PBXBuildFile; fileRef = 581DA5502E174D74B73B4967 /* /Users/BrightLand/Envy/_opencv/modules/flann/include/opencv2/flann/allocator.h */; };
		F7F3E402C53C41E596E655F8 /* /Users/BrightLand/Envy/_opencv/modules/flann/include/opencv2/flann/lsh_table.h */ = {isa = PBXBuildFile; fileRef = AE8056C7D21942BC9C2F69D2 /* /Users/BrightLand/Envy/_opencv/modules/flann/include/opencv2/flann/lsh_table.h */; };
		FA4251A20B484AF9BFC6CB62 /* /Users/BrightLand/Envy/_opencv/modules/flann/include/opencv2/flann/kdtree_index.h */ = {isa = PBXBuildFile; fileRef = D7870EA45D8747BDAA65CECF /* /Users/BrightLand/Envy/_opencv/modules/flann/include/opencv2/flann/kdtree_index.h */; };
		FAA5119182FD4B4BBAC782D7 /* /Users/BrightLand/Envy/_opencv/modules/flann/include/opencv2/flann/lsh_index.h */ = {isa = PBXBuildFile; fileRef = F3E055557CC7421396E68AA8 /* /Users/BrightLand/Envy/_opencv/modules/flann/include/opencv2/flann/lsh_index.h */; };
		FF17902EFA904E32BE0AC346 /* /Users/BrightLand/Envy/OpenCV/cvconfig.h */ = {isa = PBXBuildFile; fileRef = 9AF1838615C54F6A864A30BE /* /Users/BrightLand/Envy/OpenCV/cvconfig.h */; };
		FFDB5DE44B8B4F47A8B44EBD /* /Users/BrightLand/Envy/_opencv/modules/flann/test/test_lshtable_badarg.cpp */ = {isa = PBXBuildFile; fileRef = A8468DB2A4EB435B885F4AD8 /* /Users/BrightLand/Envy/_opencv/modules/flann/test/test_lshtable_badarg.cpp */; };
/* End PBXBuildFile section */

/* Begin PBXBuildStyle section */
		0692842226814BFF835CFDA7 /* Debug */ = {
			isa = PBXBuildStyle;
			buildSettings = {
				COPY_PHASE_STRIP = NO;
			};
			name = Debug;
		};
		B2800F9E313C46648FFEDB50 /* Release */ = {
			isa = PBXBuildStyle;
			buildSettings = {
				COPY_PHASE_STRIP = NO;
			};
			name = Release;
		};
/* End PBXBuildStyle section */

/* Begin PBXContainerItemProxy section */
		13AE5D4CEB054E5F80040545 /* PBXContainerItemProxy */ = {
			isa = PBXContainerItemProxy;
			containerPortal = FE9592AA45C24397A5A7738F /* Project object */;
			proxyType = 1;
			remoteGlobalIDString = D57DB21D30464006B1D1577E;
			remoteInfo = ZERO_CHECK;
		};
		247CD3CF1CEC4AE3AC362392 /* PBXContainerItemProxy */ = {
			isa = PBXContainerItemProxy;
			containerPortal = FE9592AA45C24397A5A7738F /* Project object */;
			proxyType = 1;
			remoteGlobalIDString = D0076E0C6A1E4F65A05B8A1E;
			remoteInfo = ALL_BUILD;
		};
		2802B8DF17174998AA621921 /* PBXContainerItemProxy */ = {
			isa = PBXContainerItemProxy;
			containerPortal = FE9592AA45C24397A5A7738F /* Project object */;
			proxyType = 1;
			remoteGlobalIDString = 23499F881A0B467C9C823585;
			remoteInfo = opencv_test_flann;
		};
		6EC93A80527E49C78E12D853 /* PBXContainerItemProxy */ = {
			isa = PBXContainerItemProxy;
			containerPortal = FE9592AA45C24397A5A7738F /* Project object */;
			proxyType = 1;
			remoteGlobalIDString = D0076E0C6A1E4F65A05B8A1E;
			remoteInfo = ALL_BUILD;
		};
		847371E903964944836311F7 /* PBXContainerItemProxy */ = {
			isa = PBXContainerItemProxy;
			containerPortal = FE9592AA45C24397A5A7738F /* Project object */;
			proxyType = 1;
			remoteGlobalIDString = D57DB21D30464006B1D1577E;
			remoteInfo = ZERO_CHECK;
		};
		AC7F5D7C98B44C2098AF1BE3 /* PBXContainerItemProxy */ = {
			isa = PBXContainerItemProxy;
			containerPortal = FE9592AA45C24397A5A7738F /* Project object */;
			proxyType = 1;
			remoteGlobalIDString = D57DB21D30464006B1D1577E;
			remoteInfo = ZERO_CHECK;
		};
		BFC7329ACA4D4A5CBFF28936 /* PBXContainerItemProxy */ = {
			isa = PBXContainerItemProxy;
			containerPortal = FE9592AA45C24397A5A7738F /* Project object */;
			proxyType = 1;
			remoteGlobalIDString = D211ADF33C4447E1905F2625;
			remoteInfo = opencv_flann;
		};
		FA6C79C4668047AB9A5130A3 /* PBXContainerItemProxy */ = {
			isa = PBXContainerItemProxy;
			containerPortal = FE9592AA45C24397A5A7738F /* Project object */;
			proxyType = 1;
			remoteGlobalIDString = D211ADF33C4447E1905F2625;
			remoteInfo = opencv_flann;
		};
/* End PBXContainerItemProxy section */

/* Begin PBXFileReference section */
		02030E22B84E49DD88786D39 /* /Users/BrightLand/Envy/_opencv/modules/flann/include/opencv2/flann/logger.h */ = {isa = PBXFileReference; explicitFileType = sourcecode.c.h; fileEncoding = 4; name = logger.h; path = include/opencv2/flann/logger.h; sourceTree = SOURCE_ROOT; };
		03B2247A10CC465B82B27BC0 /* /Users/BrightLand/Envy/_opencv/modules/flann/src/flann.cpp */ = {isa = PBXFileReference; explicitFileType = sourcecode.cpp.cpp; fileEncoding = 4; name = flann.cpp; path = src/flann.cpp; sourceTree = SOURCE_ROOT; };
		04546B28A40B4D8FB083F03F /* /Users/BrightLand/Envy/_opencv/modules/flann/include/opencv2/flann/kmeans_index.h */ = {isa = PBXFileReference; explicitFileType = sourcecode.c.h; fileEncoding = 4; name = kmeans_index.h; path = include/opencv2/flann/kmeans_index.h; sourceTree = SOURCE_ROOT; };
		0591E45AC7DA4D8D810545E0 /* /Users/BrightLand/Envy/_opencv/modules/flann/include/opencv2/flann/index_testing.h */ = {isa = PBXFileReference; explicitFileType = sourcecode.c.h; fileEncoding = 4; name = index_testing.h; path = include/opencv2/flann/index_testing.h; sourceTree = SOURCE_ROOT; };
		0E6CC7CC89D6499D9BC2A23E /* /Users/BrightLand/Envy/_opencv/modules/flann/include/opencv2/flann/flann_base.hpp */ = {isa = PBXFileReference; explicitFileType = sourcecode.cpp.h; fileEncoding = 4; name = flann_base.hpp; path = include/opencv2/flann/flann_base.hpp; sourceTree = SOURCE_ROOT; };
		163B380BF1714FFDB7DE277F /* /Users/BrightLand/Envy/_opencv/modules/flann/CMakeLists.txt */ = {isa = PBXFileReference; explicitFileType = sourcecode.text; fileEncoding = 4; name = CMakeLists.txt; path = CMakeLists.txt; sourceTree = SOURCE_ROOT; };
		23F7402BCD89400795FEEBC5 /* /Users/BrightLand/Envy/_opencv/modules/flann/include/opencv2/flann/miniflann.hpp */ = {isa = PBXFileReference; explicitFileType = sourcecode.cpp.h; fileEncoding = 4; name = miniflann.hpp; path = include/opencv2/flann/miniflann.hpp; sourceTree = SOURCE_ROOT; };
		24BF1E6FF7D14847B398681F /* /Users/BrightLand/Envy/_opencv/modules/flann/include/opencv2/flann/simplex_downhill.h */ = {isa = PBXFileReference; explicitFileType = sourcecode.c.h; fileEncoding = 4; name = simplex_downhill.h; path = include/opencv2/flann/simplex_downhill.h; sourceTree = SOURCE_ROOT; };
		29C4EC2979424C169DD03CD3 /* /Users/BrightLand/Envy/_opencv/modules/flann/CMakeLists.txt */ = {isa = PBXFileReference; explicitFileType = sourcecode.text; fileEncoding = 4; name = CMakeLists.txt; path = CMakeLists.txt; sourceTree = SOURCE_ROOT; };
		3125E698905B424E8C10C550 /* /Users/BrightLand/Envy/_opencv/modules/flann/include/opencv2/flann/any.h */ = {isa = PBXFileReference; explicitFileType = sourcecode.c.h; fileEncoding = 4; name = any.h; path = include/opencv2/flann/any.h; sourceTree = SOURCE_ROOT; };
		3ACB876A77244C989F63AE2E /* /Users/BrightLand/Envy/_opencv/modules/flann/test/test_precomp.hpp */ = {isa = PBXFileReference; explicitFileType = sourcecode.cpp.h; fileEncoding = 4; name = test_precomp.hpp; path = test/test_precomp.hpp; sourceTree = SOURCE_ROOT; };
		3AFB14EF281A49A090F8D2E6 /* opencv_flann */ = {isa = PBXFileReference; explicitFileType = "compiled.mach-o.dylib"; path = libopencv_flann.dylib; sourceTree = BUILT_PRODUCTS_DIR; };
		3FB9FA391A19471F8B71720F /* /Users/BrightLand/Envy/_opencv/modules/flann/include/opencv2/flann/heap.h */ = {isa = PBXFileReference; explicitFileType = sourcecode.c.h; fileEncoding = 4; name = heap.h; path = include/opencv2/flann/heap.h; sourceTree = SOURCE_ROOT; };
		42A65ECA17F341568DD99443 /* /Users/BrightLand/Envy/_opencv/modules/flann/test/test_main.cpp */ = {isa = PBXFileReference; explicitFileType = sourcecode.cpp.cpp; fileEncoding = 4; name = test_main.cpp; path = test/test_main.cpp; sourceTree = SOURCE_ROOT; };
		43AB5700B44A45C095F78671 /* /Users/BrightLand/Envy/_opencv/modules/flann/include/opencv2/flann/hierarchical_clustering_index.h */ = {isa = PBXFileReference; explicitFileType = sourcecode.c.h; fileEncoding = 4; name = hierarchical_clustering_index.h; path = include/opencv2/flann/hierarchical_clustering_index.h; sourceTree = SOURCE_ROOT; };
		44CB5A5296BB40B8B1FBA8E4 /* /Users/BrightLand/Envy/_opencv/modules/flann/include/opencv2/flann/dummy.h */ = {isa = PBXFileReference; explicitFileType = sourcecode.c.h; fileEncoding = 4; name = dummy.h; path = include/opencv2/flann/dummy.h; sourceTree = SOURCE_ROOT; };
		463224FAC3EE4B53810DB7AF /* opencv_test_flann */ = {isa = PBXFileReference; explicitFileType = "compiled.mach-o.executable"; path = opencv_test_flann; sourceTree = BUILT_PRODUCTS_DIR; };
		581DA5502E174D74B73B4967 /* /Users/BrightLand/Envy/_opencv/modules/flann/include/opencv2/flann/allocator.h */ = {isa = PBXFileReference; explicitFileType = sourcecode.c.h; fileEncoding = 4; name = allocator.h; path = include/opencv2/flann/allocator.h; sourceTree = SOURCE_ROOT; };
		606A9EC3F98A4019BF60DCE2 /* /Users/BrightLand/Envy/_opencv/modules/flann/include/opencv2/flann/nn_index.h */ = {isa = PBXFileReference; explicitFileType = sourcecode.c.h; fileEncoding = 4; name = nn_index.h; path = include/opencv2/flann/nn_index.h; sourceTree = SOURCE_ROOT; };
		6BA2DADFE71F4BF5B2536061 /* /Users/BrightLand/Envy/_opencv/modules/flann/include/opencv2/flann/hdf5.h */ = {isa = PBXFileReference; explicitFileType = sourcecode.c.h; fileEncoding = 4; name = hdf5.h; path = include/opencv2/flann/hdf5.h; sourceTree = SOURCE_ROOT; };
		70B63A4253804C9AB96E9FA8 /* /Users/BrightLand/Envy/_opencv/modules/flann/include/opencv2/flann/matrix.h */ = {isa = PBXFileReference; explicitFileType = sourcecode.c.h; fileEncoding = 4; name = matrix.h; path = include/opencv2/flann/matrix.h; sourceTree = SOURCE_ROOT; };
		79C77295DD294023854E35C2 /* /Users/BrightLand/Envy/_opencv/modules/flann/include/opencv2/flann/kdtree_single_index.h */ = {isa = PBXFileReference; explicitFileType = sourcecode.c.h; fileEncoding = 4; name = kdtree_single_index.h; path = include/opencv2/flann/kdtree_single_index.h; sourceTree = SOURCE_ROOT; };
		7DC3E70107F84DADBC9AC087 /* /Users/BrightLand/Envy/_opencv/modules/flann/include/opencv2/flann/sampling.h */ = {isa = PBXFileReference; explicitFileType = sourcecode.c.h; fileEncoding = 4; name = sampling.h; path = include/opencv2/flann/sampling.h; sourceTree = SOURCE_ROOT; };
		81AF67EA4F52431495B447FF /* /Users/BrightLand/Envy/_opencv/modules/flann/include/opencv2/flann/ground_truth.h */ = {isa = PBXFileReference; explicitFileType = sourcecode.c.h; fileEncoding = 4; name = ground_truth.h; path = include/opencv2/flann/ground_truth.h; sourceTree = SOURCE_ROOT; };
		837ECA5E196A4B9F8E444909 /* /Users/BrightLand/Envy/_opencv/modules/flann/include/opencv2/flann/all_indices.h */ = {isa = PBXFileReference; explicitFileType = sourcecode.c.h; fileEncoding = 4; name = all_indices.h; path = include/opencv2/flann/all_indices.h; sourceTree = SOURCE_ROOT; };
		8380639F684A4C1FBA92BD9D /* /Users/BrightLand/Envy/_opencv/modules/flann/CMakeLists.txt */ = {isa = PBXFileReference; explicitFileType = sourcecode.text; fileEncoding = 4; name = CMakeLists.txt; path = CMakeLists.txt; sourceTree = SOURCE_ROOT; };
		9383C5C79A2E4EFBA91162F2 /* /Users/BrightLand/Envy/_opencv/modules/flann/include/opencv2/flann/config.h */ = {isa = PBXFileReference; explicitFileType = sourcecode.c.h; fileEncoding = 4; name = config.h; path = include/opencv2/flann/config.h; sourceTree = SOURCE_ROOT; };
		97E1F6C878AE41BC949F389F /* /Users/BrightLand/Envy/_opencv/modules/flann/include/opencv2/flann/object_factory.h */ = {isa = PBXFileReference; explicitFileType = sourcecode.c.h; fileEncoding = 4; name = object_factory.h; path = include/opencv2/flann/object_factory.h; sourceTree = SOURCE_ROOT; };
		9AF1838615C54F6A864A30BE /* /Users/BrightLand/Envy/OpenCV/cvconfig.h */ = {isa = PBXFileReference; explicitFileType = sourcecode.c.h; fileEncoding = 4; name = cvconfig.h; path = ../../../OpenCV/cvconfig.h; sourceTree = SOURCE_ROOT; };
		A3090DA116894FB3B556F528 /* /Users/BrightLand/Envy/_opencv/modules/flann/include/opencv2/flann/result_set.h */ = {isa = PBXFileReference; explicitFileType = sourcecode.c.h; fileEncoding = 4; name = result_set.h; path = include/opencv2/flann/result_set.h; sourceTree = SOURCE_ROOT; };
		A8468DB2A4EB435B885F4AD8 /* /Users/BrightLand/Envy/_opencv/modules/flann/test/test_lshtable_badarg.cpp */ = {isa = PBXFileReference; explicitFileType = sourcecode.cpp.cpp; fileEncoding = 4; name = test_lshtable_badarg.cpp; path = test/test_lshtable_badarg.cpp; sourceTree = SOURCE_ROOT; };
		ACC2DEB65B7F44FAB072632D /* /Users/BrightLand/Envy/_opencv/modules/flann/include/opencv2/flann/linear_index.h */ = {isa = PBXFileReference; explicitFileType = sourcecode.c.h; fileEncoding = 4; name = linear_index.h; path = include/opencv2/flann/linear_index.h; sourceTree = SOURCE_ROOT; };
		AE8056C7D21942BC9C2F69D2 /* /Users/BrightLand/Envy/_opencv/modules/flann/include/opencv2/flann/lsh_table.h */ = {isa = PBXFileReference; explicitFileType = sourcecode.c.h; fileEncoding = 4; name = lsh_table.h; path = include/opencv2/flann/lsh_table.h; sourceTree = SOURCE_ROOT; };
		AEDE604A9F934D169C9AEB68 /* /Users/BrightLand/Envy/_opencv/modules/flann/include/opencv2/flann/autotuned_index.h */ = {isa = PBXFileReference; explicitFileType = sourcecode.c.h; fileEncoding = 4; name = autotuned_index.h; path = include/opencv2/flann/autotuned_index.h; sourceTree = SOURCE_ROOT; };
		C46071862CE340579549B273 /* /Users/BrightLand/Envy/_opencv/modules/flann/include/opencv2/flann/params.h */ = {isa = PBXFileReference; explicitFileType = sourcecode.c.h; fileEncoding = 4; name = params.h; path = include/opencv2/flann/params.h; sourceTree = SOURCE_ROOT; };
		C69E299520BF464E9458958F /* /Users/BrightLand/Envy/_opencv/modules/flann/include/opencv2/flann/dynamic_bitset.h */ = {isa = PBXFileReference; explicitFileType = sourcecode.c.h; fileEncoding = 4; name = dynamic_bitset.h; path = include/opencv2/flann/dynamic_bitset.h; sourceTree = SOURCE_ROOT; };
		CEF46DAB719044D6A610FB20 /* /Users/BrightLand/Envy/_opencv/modules/flann/include/opencv2/flann/saving.h */ = {isa = PBXFileReference; explicitFileType = sourcecode.c.h; fileEncoding = 4; name = saving.h; path = include/opencv2/flann/saving.h; sourceTree = SOURCE_ROOT; };
		D7870EA45D8747BDAA65CECF /* /Users/BrightLand/Envy/_opencv/modules/flann/include/opencv2/flann/kdtree_index.h */ = {isa = PBXFileReference; explicitFileType = sourcecode.c.h; fileEncoding = 4; name = kdtree_index.h; path = include/opencv2/flann/kdtree_index.h; sourceTree = SOURCE_ROOT; };
		D86CB36D6FE840FDB4BE684E /* /Users/BrightLand/Envy/_opencv/modules/flann/include/opencv2/flann/defines.h */ = {isa = PBXFileReference; explicitFileType = sourcecode.c.h; fileEncoding = 4; name = defines.h; path = include/opencv2/flann/defines.h; sourceTree = SOURCE_ROOT; };
		D9689BC45AF042C88A85173F /* /Users/BrightLand/Envy/OpenCV/opencv2/opencv_modules.hpp */ = {isa = PBXFileReference; explicitFileType = sourcecode.cpp.h; fileEncoding = 4; name = opencv_modules.hpp; path = ../../../OpenCV/opencv2/opencv_modules.hpp; sourceTree = SOURCE_ROOT; };
		DA75EC151157489595E1DF14 /* /Users/BrightLand/Envy/_opencv/modules/flann/include/opencv2/flann/timer.h */ = {isa = PBXFileReference; explicitFileType = sourcecode.c.h; fileEncoding = 4; name = timer.h; path = include/opencv2/flann/timer.h; sourceTree = SOURCE_ROOT; };
		E14AE0FF3BDC455393311C27 /* /Users/BrightLand/Envy/_opencv/modules/flann/include/opencv2/flann/composite_index.h */ = {isa = PBXFileReference; explicitFileType = sourcecode.c.h; fileEncoding = 4; name = composite_index.h; path = include/opencv2/flann/composite_index.h; sourceTree = SOURCE_ROOT; };
		E9A812C11B1A45B192E5B8F8 /* /Users/BrightLand/Envy/_opencv/modules/flann/include/opencv2/flann.hpp */ = {isa = PBXFileReference; explicitFileType = sourcecode.cpp.h; fileEncoding = 4; name = flann.hpp; path = include/opencv2/flann.hpp; sourceTree = SOURCE_ROOT; };
		F3E055557CC7421396E68AA8 /* /Users/BrightLand/Envy/_opencv/modules/flann/include/opencv2/flann/lsh_index.h */ = {isa = PBXFileReference; explicitFileType = sourcecode.c.h; fileEncoding = 4; name = lsh_index.h; path = include/opencv2/flann/lsh_index.h; sourceTree = SOURCE_ROOT; };
		F6D43028BEE245BD9347C4E1 /* /Users/BrightLand/Envy/_opencv/modules/flann/include/opencv2/flann/general.h */ = {isa = PBXFileReference; explicitFileType = sourcecode.c.h; fileEncoding = 4; name = general.h; path = include/opencv2/flann/general.h; sourceTree = SOURCE_ROOT; };
		F76D35EBCF3940EDBC001DDA /* /Users/BrightLand/Envy/_opencv/modules/flann/include/opencv2/flann/flann.hpp */ = {isa = PBXFileReference; explicitFileType = sourcecode.cpp.h; fileEncoding = 4; name = flann.hpp; path = include/opencv2/flann/flann.hpp; sourceTree = SOURCE_ROOT; };
		F8BFF6D9406C47D79D3447BC /* /Users/BrightLand/Envy/_opencv/modules/flann/include/opencv2/flann/random.h */ = {isa = PBXFileReference; explicitFileType = sourcecode.c.h; fileEncoding = 4; name = random.h; path = include/opencv2/flann/random.h; sourceTree = SOURCE_ROOT; };
		FDFE4E61942443879F6A3A19 /* /Users/BrightLand/Envy/_opencv/modules/flann/src/precomp.hpp */ = {isa = PBXFileReference; explicitFileType = sourcecode.cpp.h; fileEncoding = 4; name = precomp.hpp; path = src/precomp.hpp; sourceTree = SOURCE_ROOT; };
		FF017A7A3D7F41FA9FEF7B66 /* /Users/BrightLand/Envy/_opencv/modules/flann/include/opencv2/flann/dist.h */ = {isa = PBXFileReference; explicitFileType = sourcecode.c.h; fileEncoding = 4; name = dist.h; path = include/opencv2/flann/dist.h; sourceTree = SOURCE_ROOT; };
		FF7378E1026041F1B635E9AF /* /Users/BrightLand/Envy/_opencv/modules/flann/src/miniflann.cpp */ = {isa = PBXFileReference; explicitFileType = sourcecode.cpp.cpp; fileEncoding = 4; name = miniflann.cpp; path = src/miniflann.cpp; sourceTree = SOURCE_ROOT; };
/* End PBXFileReference section */

/* Begin PBXFrameworksBuildPhase section */
		45B326AF15EB4F5DBED111EA /* Frameworks */ = {
			isa = PBXFrameworksBuildPhase;
			buildActionMask = 2147483647;
			files = (
			);
			runOnlyForDeploymentPostprocessing = 0;
		};
		63C30079ECA64E88ACFDA6CA /* Frameworks */ = {
			isa = PBXFrameworksBuildPhase;
			buildActionMask = 2147483647;
			files = (
			);
			runOnlyForDeploymentPostprocessing = 0;
		};
/* End PBXFrameworksBuildPhase section */

/* Begin PBXGroup section */
		1451930928DB4BEB816F8F7D /* Frameworks */ = {
			isa = PBXGroup;
			children = (
			);
			name = Frameworks;
			sourceTree = "<group>";
		};
		3609C5E435C84F53BAF6C97B /* opencv_flann */ = {
			isa = PBXGroup;
			children = (
				690B7B1D0D924F8BAF9CD6D4 /* Include */,
				CB0015E3D94A40398B4E1D28 /* Src */,
				29C4EC2979424C169DD03CD3 /* /Users/BrightLand/Envy/_opencv/modules/flann/CMakeLists.txt */,
			);
			name = opencv_flann;
			sourceTree = "<group>";
		};
		361C6FBF399E491997802A39 /* flann */ = {
			isa = PBXGroup;
			children = (
				837ECA5E196A4B9F8E444909 /* /Users/BrightLand/Envy/_opencv/modules/flann/include/opencv2/flann/all_indices.h */,
				581DA5502E174D74B73B4967 /* /Users/BrightLand/Envy/_opencv/modules/flann/include/opencv2/flann/allocator.h */,
				3125E698905B424E8C10C550 /* /Users/BrightLand/Envy/_opencv/modules/flann/include/opencv2/flann/any.h */,
				AEDE604A9F934D169C9AEB68 /* /Users/BrightLand/Envy/_opencv/modules/flann/include/opencv2/flann/autotuned_index.h */,
				E14AE0FF3BDC455393311C27 /* /Users/BrightLand/Envy/_opencv/modules/flann/include/opencv2/flann/composite_index.h */,
				9383C5C79A2E4EFBA91162F2 /* /Users/BrightLand/Envy/_opencv/modules/flann/include/opencv2/flann/config.h */,
				D86CB36D6FE840FDB4BE684E /* /Users/BrightLand/Envy/_opencv/modules/flann/include/opencv2/flann/defines.h */,
				FF017A7A3D7F41FA9FEF7B66 /* /Users/BrightLand/Envy/_opencv/modules/flann/include/opencv2/flann/dist.h */,
				44CB5A5296BB40B8B1FBA8E4 /* /Users/BrightLand/Envy/_opencv/modules/flann/include/opencv2/flann/dummy.h */,
				C69E299520BF464E9458958F /* /Users/BrightLand/Envy/_opencv/modules/flann/include/opencv2/flann/dynamic_bitset.h */,
				F76D35EBCF3940EDBC001DDA /* /Users/BrightLand/Envy/_opencv/modules/flann/include/opencv2/flann/flann.hpp */,
				0E6CC7CC89D6499D9BC2A23E /* /Users/BrightLand/Envy/_opencv/modules/flann/include/opencv2/flann/flann_base.hpp */,
				F6D43028BEE245BD9347C4E1 /* /Users/BrightLand/Envy/_opencv/modules/flann/include/opencv2/flann/general.h */,
				81AF67EA4F52431495B447FF /* /Users/BrightLand/Envy/_opencv/modules/flann/include/opencv2/flann/ground_truth.h */,
				6BA2DADFE71F4BF5B2536061 /* /Users/BrightLand/Envy/_opencv/modules/flann/include/opencv2/flann/hdf5.h */,
				3FB9FA391A19471F8B71720F /* /Users/BrightLand/Envy/_opencv/modules/flann/include/opencv2/flann/heap.h */,
				43AB5700B44A45C095F78671 /* /Users/BrightLand/Envy/_opencv/modules/flann/include/opencv2/flann/hierarchical_clustering_index.h */,
				0591E45AC7DA4D8D810545E0 /* /Users/BrightLand/Envy/_opencv/modules/flann/include/opencv2/flann/index_testing.h */,
				D7870EA45D8747BDAA65CECF /* /Users/BrightLand/Envy/_opencv/modules/flann/include/opencv2/flann/kdtree_index.h */,
				79C77295DD294023854E35C2 /* /Users/BrightLand/Envy/_opencv/modules/flann/include/opencv2/flann/kdtree_single_index.h */,
				04546B28A40B4D8FB083F03F /* /Users/BrightLand/Envy/_opencv/modules/flann/include/opencv2/flann/kmeans_index.h */,
				ACC2DEB65B7F44FAB072632D /* /Users/BrightLand/Envy/_opencv/modules/flann/include/opencv2/flann/linear_index.h */,
				02030E22B84E49DD88786D39 /* /Users/BrightLand/Envy/_opencv/modules/flann/include/opencv2/flann/logger.h */,
				F3E055557CC7421396E68AA8 /* /Users/BrightLand/Envy/_opencv/modules/flann/include/opencv2/flann/lsh_index.h */,
				AE8056C7D21942BC9C2F69D2 /* /Users/BrightLand/Envy/_opencv/modules/flann/include/opencv2/flann/lsh_table.h */,
				70B63A4253804C9AB96E9FA8 /* /Users/BrightLand/Envy/_opencv/modules/flann/include/opencv2/flann/matrix.h */,
				23F7402BCD89400795FEEBC5 /* /Users/BrightLand/Envy/_opencv/modules/flann/include/opencv2/flann/miniflann.hpp */,
				606A9EC3F98A4019BF60DCE2 /* /Users/BrightLand/Envy/_opencv/modules/flann/include/opencv2/flann/nn_index.h */,
				97E1F6C878AE41BC949F389F /* /Users/BrightLand/Envy/_opencv/modules/flann/include/opencv2/flann/object_factory.h */,
				C46071862CE340579549B273 /* /Users/BrightLand/Envy/_opencv/modules/flann/include/opencv2/flann/params.h */,
				F8BFF6D9406C47D79D3447BC /* /Users/BrightLand/Envy/_opencv/modules/flann/include/opencv2/flann/random.h */,
				A3090DA116894FB3B556F528 /* /Users/BrightLand/Envy/_opencv/modules/flann/include/opencv2/flann/result_set.h */,
				7DC3E70107F84DADBC9AC087 /* /Users/BrightLand/Envy/_opencv/modules/flann/include/opencv2/flann/sampling.h */,
				CEF46DAB719044D6A610FB20 /* /Users/BrightLand/Envy/_opencv/modules/flann/include/opencv2/flann/saving.h */,
				24BF1E6FF7D14847B398681F /* /Users/BrightLand/Envy/_opencv/modules/flann/include/opencv2/flann/simplex_downhill.h */,
				DA75EC151157489595E1DF14 /* /Users/BrightLand/Envy/_opencv/modules/flann/include/opencv2/flann/timer.h */,
			);
			name = flann;
			sourceTree = "<group>";
		};
		3F9C4F5D78CF48969CA6E0C7 /* Src */ = {
			isa = PBXGroup;
			children = (
				A8468DB2A4EB435B885F4AD8 /* /Users/BrightLand/Envy/_opencv/modules/flann/test/test_lshtable_badarg.cpp */,
				42A65ECA17F341568DD99443 /* /Users/BrightLand/Envy/_opencv/modules/flann/test/test_main.cpp */,
			);
			name = Src;
			sourceTree = "<group>";
		};
		41F36DE740484D648A784DCE /* Include */ = {
			isa = PBXGroup;
			children = (
				3ACB876A77244C989F63AE2E /* /Users/BrightLand/Envy/_opencv/modules/flann/test/test_precomp.hpp */,
			);
			name = Include;
			sourceTree = "<group>";
		};
		4371905A1E6D4B37B5D33900 /* ALL_BUILD */ = {
			isa = PBXGroup;
			children = (
				70CD7F4F650E4CF2A86BC493 /* CMake Rules */,
				163B380BF1714FFDB7DE277F /* /Users/BrightLand/Envy/_opencv/modules/flann/CMakeLists.txt */,
			);
			name = ALL_BUILD;
			sourceTree = "<group>";
		};
		5352A9A577544F0FAD0FF21C /* opencv_test_flann */ = {
			isa = PBXGroup;
			children = (
				3F9C4F5D78CF48969CA6E0C7 /* Src */,
				41F36DE740484D648A784DCE /* Include */,
				8380639F684A4C1FBA92BD9D /* /Users/BrightLand/Envy/_opencv/modules/flann/CMakeLists.txt */,
			);
			name = opencv_test_flann;
			sourceTree = "<group>";
		};
		64DE3AD4F2814C5D97AB8246 = {
			isa = PBXGroup;
			children = (
				ECE779EB77CC4D1AA8E2DE5A /* modules */,
				767960A13CC54335A2A90845 /* tests accuracy */,
				4371905A1E6D4B37B5D33900 /* ALL_BUILD */,
				82ABB2F70724459D935D3F1A /* Products */,
				1451930928DB4BEB816F8F7D /* Frameworks */,
			);
			sourceTree = "<group>";
		};
		690B7B1D0D924F8BAF9CD6D4 /* Include */ = {
			isa = PBXGroup;
			children = (
				AE0EE18B92D14182995523A7 /* opencv2 */,
				9AF1838615C54F6A864A30BE /* /Users/BrightLand/Envy/OpenCV/cvconfig.h */,
				D9689BC45AF042C88A85173F /* /Users/BrightLand/Envy/OpenCV/opencv2/opencv_modules.hpp */,
			);
			name = Include;
			sourceTree = "<group>";
		};
		70CD7F4F650E4CF2A86BC493 /* CMake Rules */ = {
			isa = PBXGroup;
			children = (
			);
			name = "CMake Rules";
			sourceTree = "<group>";
		};
		767960A13CC54335A2A90845 /* tests accuracy */ = {
			isa = PBXGroup;
			children = (
				5352A9A577544F0FAD0FF21C /* opencv_test_flann */,
			);
			name = "tests accuracy";
			sourceTree = "<group>";
		};
		82ABB2F70724459D935D3F1A /* Products */ = {
			isa = PBXGroup;
			children = (
				3AFB14EF281A49A090F8D2E6 /* opencv_flann */,
				463224FAC3EE4B53810DB7AF /* opencv_test_flann */,
			);
			name = Products;
			sourceTree = "<group>";
		};
		AE0EE18B92D14182995523A7 /* opencv2 */ = {
			isa = PBXGroup;
			children = (
				361C6FBF399E491997802A39 /* flann */,
				E9A812C11B1A45B192E5B8F8 /* /Users/BrightLand/Envy/_opencv/modules/flann/include/opencv2/flann.hpp */,
			);
			name = opencv2;
			sourceTree = "<group>";
		};
		CB0015E3D94A40398B4E1D28 /* Src */ = {
			isa = PBXGroup;
			children = (
				03B2247A10CC465B82B27BC0 /* /Users/BrightLand/Envy/_opencv/modules/flann/src/flann.cpp */,
				FF7378E1026041F1B635E9AF /* /Users/BrightLand/Envy/_opencv/modules/flann/src/miniflann.cpp */,
				FDFE4E61942443879F6A3A19 /* /Users/BrightLand/Envy/_opencv/modules/flann/src/precomp.hpp */,
			);
			name = Src;
			sourceTree = "<group>";
		};
		ECE779EB77CC4D1AA8E2DE5A /* modules */ = {
			isa = PBXGroup;
			children = (
				3609C5E435C84F53BAF6C97B /* opencv_flann */,
			);
			name = modules;
			sourceTree = "<group>";
		};
/* End PBXGroup section */

/* Begin PBXNativeTarget section */
		23499F881A0B467C9C823585 /* opencv_test_flann */ = {
			isa = PBXNativeTarget;
			buildConfigurationList = F7C3A4C9FB9141AB9A59DB80 /* Build configuration list for PBXNativeTarget "opencv_test_flann" */;
			buildPhases = (
				7E662E204EAA4A20ABD82443 /* Sources */,
				45B326AF15EB4F5DBED111EA /* Frameworks */,
			);
			buildRules = (
			);
			dependencies = (
				8F2BF860CF3E4DF2A2D24B2D /* PBXTargetDependency */,
				C968FC4D61414CA0A041D319 /* PBXTargetDependency */,
			);
			name = opencv_test_flann;
			productName = opencv_test_flann;
			productReference = 463224FAC3EE4B53810DB7AF /* opencv_test_flann */;
			productType = "com.apple.product-type.tool";
		};
		D211ADF33C4447E1905F2625 /* opencv_flann */ = {
			isa = PBXNativeTarget;
			buildConfigurationList = 0D3F2B924EF041D094160DFA /* Build configuration list for PBXNativeTarget "opencv_flann" */;
			buildPhases = (
				BE3049BA81564EFE87303470 /* Sources */,
				63C30079ECA64E88ACFDA6CA /* Frameworks */,
				B1CFD8925F61EF755D24DC48 /* CMake PostBuild Rules */,
			);
			buildRules = (
			);
			dependencies = (
				4B769C342AFC4A26AE5F8A07 /* PBXTargetDependency */,
			);
			name = opencv_flann;
			productName = opencv_flann;
			productReference = 3AFB14EF281A49A090F8D2E6 /* opencv_flann */;
			productType = "com.apple.product-type.library.dynamic";
		};
/* End PBXNativeTarget section */

/* Begin PBXProject section */
		FE9592AA45C24397A5A7738F /* Project object */ = {
			isa = PBXProject;
			attributes = {
				BuildIndependentTargetsInParallel = YES;
				LastUpgradeCheck = 1320;
			};
			buildConfigurationList = 6968A46C95654FA58E703BB6 /* Build configuration list for PBXProject "opencv_flann" */;
			buildSettings = {
			};
			buildStyles = (
				0692842226814BFF835CFDA7 /* Debug */,
				B2800F9E313C46648FFEDB50 /* Release */,
			);
			compatibilityVersion = "Xcode 3.2";
			hasScannedForEncodings = 0;
			mainGroup = 64DE3AD4F2814C5D97AB8246;
			projectDirPath = /Users/BrightLand/Envy/_opencv/modules/flann;
			projectRoot = "";
			targets = (
				D0076E0C6A1E4F65A05B8A1E /* ALL_BUILD */,
				6C70328E101E405D90D04461 /* RUN_TESTS */,
				D57DB21D30464006B1D1577E /* ZERO_CHECK */,
				C08094B7A78641F983B39091 /* install */,
				D211ADF33C4447E1905F2625 /* opencv_flann */,
				23499F881A0B467C9C823585 /* opencv_test_flann */,
				8E1DD9A2B5724B10A912C43D /* package */,
			);
		};
/* End PBXProject section */

/* Begin PBXShellScriptBuildPhase section */
		003C8D08B0008F35F218E126 /* CMake PostBuild Rules */ = {
			isa = PBXShellScriptBuildPhase;
			alwaysOutOfDate = 1;
			buildActionMask = 2147483647;
			files = (
			);
			name = "CMake PostBuild Rules";
			outputPaths = (
			);
			runOnlyForDeploymentPostprocessing = 0;
			shellPath = /bin/sh;
			shellScript = "set -e
if test \"$CONFIGURATION\" = \"Debug\"; then :
  cd /Users/BrightLand/Envy/OpenCV/modules/flann
  /Applications/CMake.app/Contents/bin/ctest --force-new-ctest-process -C $CONFIGURATION$EFFECTIVE_PLATFORM_NAME
fi
if test \"$CONFIGURATION\" = \"Release\"; then :
  cd /Users/BrightLand/Envy/OpenCV/modules/flann
  /Applications/CMake.app/Contents/bin/ctest --force-new-ctest-process -C $CONFIGURATION$EFFECTIVE_PLATFORM_NAME
fi
";
			showEnvVarsInLog = 0;
		};
		07425B66C5F1BBB45BD2B105 /* Generate CMakeFiles/ZERO_CHECK */ = {
			isa = PBXShellScriptBuildPhase;
			alwaysOutOfDate = 1;
			buildActionMask = 2147483647;
			files = (
			);
			inputPaths = (
			);
			name = "Generate CMakeFiles/ZERO_CHECK";
			outputPaths = (
/Users/BrightLand/Envy/OpenCV/modules/flann/CMakeFiles/ZERO_CHECK			);
			runOnlyForDeploymentPostprocessing = 0;
			shellPath = /bin/sh;
			shellScript = "set -e
if test \"$CONFIGURATION\" = \"Debug\"; then :
  cd /Users/BrightLand/Envy/OpenCV/modules/flann
  make -f /Users/BrightLand/Envy/OpenCV/modules/flann/CMakeScripts/ReRunCMake.make
fi
if test \"$CONFIGURATION\" = \"Release\"; then :
  cd /Users/BrightLand/Envy/OpenCV/modules/flann
  make -f /Users/BrightLand/Envy/OpenCV/modules/flann/CMakeScripts/ReRunCMake.make
fi
";
			showEnvVarsInLog = 0;
		};
		3690F2ECB7AF1F1BB3C058E8 /* Generate CMakeFiles/ALL_BUILD */ = {
			isa = PBXShellScriptBuildPhase;
			alwaysOutOfDate = 1;
			buildActionMask = 2147483647;
			files = (
			);
			inputPaths = (
			);
			name = "Generate CMakeFiles/ALL_BUILD";
			outputPaths = (
/Users/BrightLand/Envy/OpenCV/modules/flann/CMakeFiles/ALL_BUILD			);
			runOnlyForDeploymentPostprocessing = 0;
			shellPath = /bin/sh;
			shellScript = "set -e
if test \"$CONFIGURATION\" = \"Debug\"; then :
  cd /Users/BrightLand/Envy/OpenCV/modules/flann
  echo Build\\ all\\ projects
fi
if test \"$CONFIGURATION\" = \"Release\"; then :
  cd /Users/BrightLand/Envy/OpenCV/modules/flann
  echo Build\\ all\\ projects
fi
";
			showEnvVarsInLog = 0;
		};
		3C0110FC8322DE7E50886E21 = {
			isa = PBXShellScriptBuildPhase;
			buildActionMask = 2147483647;
			files = (
			);
			inputPaths = (
			);
			outputPaths = (
			);
			runOnlyForDeploymentPostprocessing = 0;
			shellPath = /bin/sh;
			shellScript = "# shell script goes here
exit 0";
			showEnvVarsInLog = 0;
		};
		571234464C2A5D0D43F1AB42 /* CMake PostBuild Rules */ = {
			isa = PBXShellScriptBuildPhase;
			alwaysOutOfDate = 1;
			buildActionMask = 2147483647;
			files = (
			);
			name = "CMake PostBuild Rules";
			outputPaths = (
			);
			runOnlyForDeploymentPostprocessing = 0;
			shellPath = /bin/sh;
			shellScript = "set -e
if test \"$CONFIGURATION\" = \"Debug\"; then :
  cd /Users/BrightLand/Envy/OpenCV
  /Applications/CMake.app/Contents/bin/cpack -C $CONFIGURATION$EFFECTIVE_PLATFORM_NAME --config ./CPackConfig.cmake
fi
if test \"$CONFIGURATION\" = \"Release\"; then :
  cd /Users/BrightLand/Envy/OpenCV
  /Applications/CMake.app/Contents/bin/cpack -C $CONFIGURATION$EFFECTIVE_PLATFORM_NAME --config ./CPackConfig.cmake
fi
";
			showEnvVarsInLog = 0;
		};
		661D9C604B3B91332E7543CC = {
			isa = PBXShellScriptBuildPhase;
			buildActionMask = 2147483647;
			files = (
			);
			inputPaths = (
			);
			outputPaths = (
			);
			runOnlyForDeploymentPostprocessing = 0;
			shellPath = /bin/sh;
			shellScript = "# shell script goes here
exit 0";
			showEnvVarsInLog = 0;
		};
		87AF4882E018677E2624B544 = {
			isa = PBXShellScriptBuildPhase;
			buildActionMask = 2147483647;
			files = (
			);
			inputPaths = (
			);
			outputPaths = (
			);
			runOnlyForDeploymentPostprocessing = 0;
			shellPath = /bin/sh;
			shellScript = "# shell script goes here
exit 0";
			showEnvVarsInLog = 0;
		};
		910A41151295C5F9742C25BD = {
			isa = PBXShellScriptBuildPhase;
			buildActionMask = 2147483647;
			files = (
			);
			inputPaths = (
			);
			outputPaths = (
			);
			runOnlyForDeploymentPostprocessing = 0;
			shellPath = /bin/sh;
			shellScript = "# shell script goes here
exit 0";
			showEnvVarsInLog = 0;
		};
		93426DA6A4AC2C2AC9CE883C /* CMake PostBuild Rules */ = {
			isa = PBXShellScriptBuildPhase;
			alwaysOutOfDate = 1;
			buildActionMask = 2147483647;
			files = (
			);
			name = "CMake PostBuild Rules";
			outputPaths = (
			);
			runOnlyForDeploymentPostprocessing = 0;
			shellPath = /bin/sh;
			shellScript = "set -e
if test \"$CONFIGURATION\" = \"Debug\"; then :
  cd /Users/BrightLand/Envy/OpenCV/modules/flann
  /Applications/CMake.app/Contents/bin/cmake -DBUILD_TYPE=$CONFIGURATION$EFFECTIVE_PLATFORM_NAME -P cmake_install.cmake
fi
if test \"$CONFIGURATION\" = \"Release\"; then :
  cd /Users/BrightLand/Envy/OpenCV/modules/flann
  /Applications/CMake.app/Contents/bin/cmake -DBUILD_TYPE=$CONFIGURATION$EFFECTIVE_PLATFORM_NAME -P cmake_install.cmake
fi
";
			showEnvVarsInLog = 0;
		};
		9B50530E35CC49C82C2FACCF = {
			isa = PBXShellScriptBuildPhase;
			buildActionMask = 2147483647;
			files = (
			);
			inputPaths = (
			);
			outputPaths = (
			);
			runOnlyForDeploymentPostprocessing = 0;
			shellPath = /bin/sh;
			shellScript = "# shell script goes here
exit 0";
			showEnvVarsInLog = 0;
		};
		B1CFD8925F61EF755D24DC48 /* CMake PostBuild Rules */ = {
			isa = PBXShellScriptBuildPhase;
			alwaysOutOfDate = 1;
			buildActionMask = 2147483647;
			files = (
			);
			name = "CMake PostBuild Rules";
			outputPaths = (
			);
			runOnlyForDeploymentPostprocessing = 0;
			shellPath = /bin/sh;
			shellScript = "set -e
if test \"$CONFIGURATION\" = \"Debug\"; then :
  cd /Users/BrightLand/Envy/OpenCV/modules/flann
  /Applications/CMake.app/Contents/bin/cmake -E cmake_symlink_library /Users/BrightLand/Envy/OpenCV/lib/Debug/libopencv_flann.4.5.5.dylib /Users/BrightLand/Envy/OpenCV/lib/Debug/libopencv_flann.405.dylib /Users/BrightLand/Envy/OpenCV/lib/Debug/libopencv_flann.dylib
fi
if test \"$CONFIGURATION\" = \"Release\"; then :
  cd /Users/BrightLand/Envy/OpenCV/modules/flann
  /Applications/CMake.app/Contents/bin/cmake -E cmake_symlink_library /Users/BrightLand/Envy/OpenCV/lib/Release/libopencv_flann.4.5.5.dylib /Users/BrightLand/Envy/OpenCV/lib/Release/libopencv_flann.405.dylib /Users/BrightLand/Envy/OpenCV/lib/Release/libopencv_flann.dylib
fi
";
			showEnvVarsInLog = 0;
		};
/* End PBXShellScriptBuildPhase section */

/* Begin PBXSourcesBuildPhase section */
		7E662E204EAA4A20ABD82443 /* Sources */ = {
			isa = PBXSourcesBuildPhase;
			buildActionMask = 2147483647;
			files = (
				FFDB5DE44B8B4F47A8B44EBD /* /Users/BrightLand/Envy/_opencv/modules/flann/test/test_lshtable_badarg.cpp */,
				BC03FF2C4E0E485BAFEA0510 /* /Users/BrightLand/Envy/_opencv/modules/flann/test/test_main.cpp */,
			);
			runOnlyForDeploymentPostprocessing = 0;
		};
		BE3049BA81564EFE87303470 /* Sources */ = {
			isa = PBXSourcesBuildPhase;
			buildActionMask = 2147483647;
			files = (
				D240DB64E1F74CF894E4C7C6 /* /Users/BrightLand/Envy/_opencv/modules/flann/src/flann.cpp */,
				940BA57A987C4EF38B1D291B /* /Users/BrightLand/Envy/_opencv/modules/flann/src/miniflann.cpp */,
			);
			runOnlyForDeploymentPostprocessing = 0;
		};
/* End PBXSourcesBuildPhase section */

/* Begin PBXTargetDependency section */
		099A0CB5EB724B40B9BDE2DF /* PBXTargetDependency */ = {
			isa = PBXTargetDependency;
			target = D57DB21D30464006B1D1577E /* ZERO_CHECK */;
			targetProxy = AC7F5D7C98B44C2098AF1BE3 /* PBXContainerItemProxy */;
		};
		385D4E0411EF40DB9DF51689 /* PBXTargetDependency */ = {
			isa = PBXTargetDependency;
			target = 23499F881A0B467C9C823585 /* opencv_test_flann */;
			targetProxy = 2802B8DF17174998AA621921 /* PBXContainerItemProxy */;
		};
		4B769C342AFC4A26AE5F8A07 /* PBXTargetDependency */ = {
			isa = PBXTargetDependency;
			target = D57DB21D30464006B1D1577E /* ZERO_CHECK */;
			targetProxy = 847371E903964944836311F7 /* PBXContainerItemProxy */;
		};
		8F2BF860CF3E4DF2A2D24B2D /* PBXTargetDependency */ = {
			isa = PBXTargetDependency;
			target = D211ADF33C4447E1905F2625 /* opencv_flann */;
			targetProxy = FA6C79C4668047AB9A5130A3 /* PBXContainerItemProxy */;
		};
		B5A746470C604ED98B9E9E0E /* PBXTargetDependency */ = {
			isa = PBXTargetDependency;
			target = D0076E0C6A1E4F65A05B8A1E /* ALL_BUILD */;
			targetProxy = 247CD3CF1CEC4AE3AC362392 /* PBXContainerItemProxy */;
		};
		C968FC4D61414CA0A041D319 /* PBXTargetDependency */ = {
			isa = PBXTargetDependency;
			target = D57DB21D30464006B1D1577E /* ZERO_CHECK */;
			targetProxy = 13AE5D4CEB054E5F80040545 /* PBXContainerItemProxy */;
		};
		CB642FEF9C3744768B9DAC2E /* PBXTargetDependency */ = {
			isa = PBXTargetDependency;
			target = D211ADF33C4447E1905F2625 /* opencv_flann */;
			targetProxy = BFC7329ACA4D4A5CBFF28936 /* PBXContainerItemProxy */;
		};
		FA5AFDD0AF7E455B8C7572F0 /* PBXTargetDependency */ = {
			isa = PBXTargetDependency;
			target = D0076E0C6A1E4F65A05B8A1E /* ALL_BUILD */;
			targetProxy = 6EC93A80527E49C78E12D853 /* PBXContainerItemProxy */;
		};
/* End PBXTargetDependency section */

/* Begin XCBuildConfiguration section */
		2FD2540793094A728B37C590 /* Release */ = {
			isa = XCBuildConfiguration;
			buildSettings = {
				COMBINE_HIDPI_IMAGES = YES;
				GCC_GENERATE_DEBUGGING_SYMBOLS = YES;
				GCC_INLINES_ARE_PRIVATE_EXTERN = NO;
				GCC_OPTIMIZATION_LEVEL = 0;
				GCC_PREPROCESSOR_DEFINITIONS = ("'CMAKE_INTDIR=\"$(CONFIGURATION)$(EFFECTIVE_PLATFORM_NAME)\"'","$(inherited)");
				GCC_SYMBOLS_PRIVATE_EXTERN = NO;
				INSTALL_PATH = "";
				OTHER_LDFLAGS = ("","$(inherited)");
				OTHER_REZFLAGS = "";
				PRODUCT_NAME = ALL_BUILD;
				SECTORDER_FLAGS = "";
				SYMROOT = /Users/BrightLand/Envy/OpenCV/modules/flann;
				USE_HEADERMAP = NO;
				WARNING_CFLAGS = ("$(inherited)");
			};
			name = Release;
		};
		370FC98BC7E94C44B915DFEC /* Release */ = {
			isa = XCBuildConfiguration;
			buildSettings = {
				COMBINE_HIDPI_IMAGES = YES;
				GCC_GENERATE_DEBUGGING_SYMBOLS = YES;
				GCC_INLINES_ARE_PRIVATE_EXTERN = NO;
				GCC_OPTIMIZATION_LEVEL = 0;
				GCC_PREPROCESSOR_DEFINITIONS = ("'CMAKE_INTDIR=\"$(CONFIGURATION)$(EFFECTIVE_PLATFORM_NAME)\"'","$(inherited)");
				GCC_SYMBOLS_PRIVATE_EXTERN = NO;
				INSTALL_PATH = "";
				OTHER_LDFLAGS = ("","$(inherited)");
				OTHER_REZFLAGS = "";
				PRODUCT_NAME = install;
				SECTORDER_FLAGS = "";
				SYMROOT = /Users/BrightLand/Envy/OpenCV/modules/flann;
				USE_HEADERMAP = NO;
				WARNING_CFLAGS = ("$(inherited)");
			};
			name = Release;
		};
		3F1DFEC4CC4B46B29F6747A2 /* Debug */ = {
			isa = XCBuildConfiguration;
			buildSettings = {
				COMBINE_HIDPI_IMAGES = YES;
				GCC_GENERATE_DEBUGGING_SYMBOLS = YES;
				GCC_INLINES_ARE_PRIVATE_EXTERN = NO;
				GCC_OPTIMIZATION_LEVEL = 0;
				GCC_PREPROCESSOR_DEFINITIONS = ("'CMAKE_INTDIR=\"$(CONFIGURATION)$(EFFECTIVE_PLATFORM_NAME)\"'","$(inherited)");
				GCC_SYMBOLS_PRIVATE_EXTERN = NO;
				INSTALL_PATH = "";
				OTHER_LDFLAGS = ("","$(inherited)");
				OTHER_REZFLAGS = "";
				PRODUCT_NAME = package;
				SECTORDER_FLAGS = "";
				SYMROOT = /Users/BrightLand/Envy/OpenCV/modules/flann;
				USE_HEADERMAP = NO;
				WARNING_CFLAGS = ("$(inherited)");
			};
			name = Debug;
		};
		5E4D1E8856D84FBB95647795 /* Release */ = {
			isa = XCBuildConfiguration;
			buildSettings = {
				COMBINE_HIDPI_IMAGES = YES;
				GCC_GENERATE_DEBUGGING_SYMBOLS = YES;
				GCC_INLINES_ARE_PRIVATE_EXTERN = NO;
				GCC_OPTIMIZATION_LEVEL = 0;
				GCC_PREPROCESSOR_DEFINITIONS = ("'CMAKE_INTDIR=\"$(CONFIGURATION)$(EFFECTIVE_PLATFORM_NAME)\"'","$(inherited)");
				GCC_SYMBOLS_PRIVATE_EXTERN = NO;
				INSTALL_PATH = "";
				OTHER_LDFLAGS = ("","$(inherited)");
				OTHER_REZFLAGS = "";
				PRODUCT_NAME = RUN_TESTS;
				SECTORDER_FLAGS = "";
				SYMROOT = /Users/BrightLand/Envy/OpenCV/modules/flann;
				USE_HEADERMAP = NO;
				WARNING_CFLAGS = ("$(inherited)");
			};
			name = Release;
		};
		5EAE5A0D02E4475698882EE3 /* Release */ = {
			isa = XCBuildConfiguration;
			buildSettings = {
				ARCHS = "$(NATIVE_ARCH_ACTUAL)";
				ONLY_ACTIVE_ARCH = YES;
				SDKROOT = /Applications/Xcode.app/Contents/Developer/Platforms/MacOSX.platform/Developer/SDKs/MacOSX12.1.sdk;
				SYMROOT = /Users/BrightLand/Envy/OpenCV/modules/flann/build;
			};
			name = Release;
		};
		6BA993A0A3A0488CBB330E13 /* Debug */ = {
			isa = XCBuildConfiguration;
			buildSettings = {
				COMBINE_HIDPI_IMAGES = YES;
				GCC_GENERATE_DEBUGGING_SYMBOLS = YES;
				GCC_INLINES_ARE_PRIVATE_EXTERN = NO;
				GCC_OPTIMIZATION_LEVEL = 0;
				GCC_PREPROCESSOR_DEFINITIONS = ("'CMAKE_INTDIR=\"$(CONFIGURATION)$(EFFECTIVE_PLATFORM_NAME)\"'","$(inherited)");
				GCC_SYMBOLS_PRIVATE_EXTERN = NO;
				INSTALL_PATH = "";
				OTHER_LDFLAGS = ("","$(inherited)");
				OTHER_REZFLAGS = "";
				PRODUCT_NAME = ZERO_CHECK;
				SECTORDER_FLAGS = "";
				SYMROOT = /Users/BrightLand/Envy/OpenCV/modules/flann;
				USE_HEADERMAP = NO;
				WARNING_CFLAGS = ("$(inherited)");
			};
			name = Debug;
		};
		752980D664ED450F8987BFFF /* Debug */ = {
			isa = XCBuildConfiguration;
			buildSettings = {
				ARCHS = "$(NATIVE_ARCH_ACTUAL)";
				ONLY_ACTIVE_ARCH = YES;
				SDKROOT = /Applications/Xcode.app/Contents/Developer/Platforms/MacOSX.platform/Developer/SDKs/MacOSX12.1.sdk;
				SYMROOT = /Users/BrightLand/Envy/OpenCV/modules/flann/build;
			};
			name = Debug;
		};
		8343F16A045C4F118DF7D8C2 /* Release */ = {
			isa = XCBuildConfiguration;
			buildSettings = {
				COMBINE_HIDPI_IMAGES = YES;
				GCC_GENERATE_DEBUGGING_SYMBOLS = YES;
				GCC_INLINES_ARE_PRIVATE_EXTERN = NO;
				GCC_OPTIMIZATION_LEVEL = 0;
				GCC_PREPROCESSOR_DEFINITIONS = ("'CMAKE_INTDIR=\"$(CONFIGURATION)$(EFFECTIVE_PLATFORM_NAME)\"'","$(inherited)");
				GCC_SYMBOLS_PRIVATE_EXTERN = NO;
				INSTALL_PATH = "";
				OTHER_LDFLAGS = ("","$(inherited)");
				OTHER_REZFLAGS = "";
				PRODUCT_NAME = package;
				SECTORDER_FLAGS = "";
				SYMROOT = /Users/BrightLand/Envy/OpenCV/modules/flann;
				USE_HEADERMAP = NO;
				WARNING_CFLAGS = ("$(inherited)");
			};
			name = Release;
		};
		8939F271605D4A2D90252A8A /* Debug */ = {
			isa = XCBuildConfiguration;
			buildSettings = {
				COMBINE_HIDPI_IMAGES = YES;
				GCC_GENERATE_DEBUGGING_SYMBOLS = YES;
				GCC_INLINES_ARE_PRIVATE_EXTERN = NO;
				GCC_OPTIMIZATION_LEVEL = 0;
				GCC_PREPROCESSOR_DEFINITIONS = ("'CMAKE_INTDIR=\"$(CONFIGURATION)$(EFFECTIVE_PLATFORM_NAME)\"'","$(inherited)");
				GCC_SYMBOLS_PRIVATE_EXTERN = NO;
				INSTALL_PATH = "";
				OTHER_LDFLAGS = ("","$(inherited)");
				OTHER_REZFLAGS = "";
				PRODUCT_NAME = RUN_TESTS;
				SECTORDER_FLAGS = "";
				SYMROOT = /Users/BrightLand/Envy/OpenCV/modules/flann;
				USE_HEADERMAP = NO;
				WARNING_CFLAGS = ("$(inherited)");
			};
			name = Debug;
		};
		8D1C5F840C074A2A80A90430 /* Debug */ = {
			isa = XCBuildConfiguration;
			buildSettings = {
				COMBINE_HIDPI_IMAGES = YES;
				CONFIGURATION_BUILD_DIR = /Users/BrightLand/Envy/OpenCV/lib/Debug;
				DYLIB_COMPATIBILITY_VERSION = 405.0.0;
				DYLIB_CURRENT_VERSION = 4.5.5;
				EXECUTABLE_PREFIX = lib;
				EXECUTABLE_SUFFIX = .dylib;
				GCC_GENERATE_DEBUGGING_SYMBOLS = YES;
				GCC_INLINES_ARE_PRIVATE_EXTERN = NO;
				GCC_OPTIMIZATION_LEVEL = 0;
				GCC_PREPROCESSOR_DEFINITIONS = ("'CMAKE_INTDIR=\"$(CONFIGURATION)$(EFFECTIVE_PLATFORM_NAME)\"'",CVAPI_EXPORTS,_USE_MATH_DEFINES,__STDC_CONSTANT_MACROS,__STDC_LIMIT_MACROS,__STDC_FORMAT_MACROS,"'__OPENCV_BUILD=1'","$(inherited)");
				GCC_SYMBOLS_PRIVATE_EXTERN = NO;
				HEADER_SEARCH_PATHS = (/Users/BrightLand/Envy/OpenCV/3rdparty/ippicv/ippicv_mac/icv/include,/Users/BrightLand/Envy/OpenCV/3rdparty/ippicv/ippicv_mac/iw/include,/Users/BrightLand/Envy/_opencv/modules/flann/include,/Users/BrightLand/Envy/OpenCV/modules/flann,/Users/BrightLand/Envy/_opencv/modules/core/include,"$(inherited)");
				INSTALL_PATH = "";
				LD_RUNPATH_SEARCH_PATHS = ("/usr/local/lib /Users/BrightLand/Envy/OpenCV/lib/Debug","$(inherited)");
				LIBRARY_SEARCH_PATHS = ("/usr/local/lib/$(CONFIGURATION)$(EFFECTIVE_PLATFORM_NAME)",/usr/local/lib,"$(inherited)");
				LIBRARY_STYLE = DYNAMIC;
				OTHER_CPLUSPLUSFLAGS = "   -fsigned-char -W -Wall -Wreturn-type -Wnon-virtual-dtor -Waddress -Wsequence-point -Wformat -Wformat-security -Wmissing-declarations -Wmissing-prototypes -Wstrict-prototypes -Wundef -Winit-self -Wpointer-arith -Wshadow -Wsign-promo -Wuninitialized -Wno-delete-non-virtual-dtor -Wno-unnamed-type-template-args -Wno-comment -fdiagnostics-show-option -Wno-long-long -Qunused-arguments -Wno-semicolon-before-method-body -ffunction-sections -fdata-sections  -fvisibility=hidden -fvisibility-inlines-hidden         -DDEBUG -D_DEBUG -fPIC '-std=c++11' ";
				OTHER_LDFLAGS = ("  -Wl,-dead_strip -dynamiclib -Wl,-headerpad_max_install_names -install_name @rpath/libopencv_flann.405.dylib",/Users/BrightLand/Envy/OpenCV/lib/Debug/libopencv_core.4.5.5.dylib,/Users/BrightLand/Envy/OpenCV/3rdparty/lib/Debug/libippiw.a,/Users/BrightLand/Envy/OpenCV/3rdparty/ippicv/ippicv_mac/icv/lib/intel64/libippicv.a,"$(inherited)");
				OTHER_REZFLAGS = "";
				PRODUCT_NAME = opencv_flann.4.5.5;
				SECTORDER_FLAGS = "";
				SYMROOT = /Users/BrightLand/Envy/OpenCV/modules/flann;
				SYSTEM_HEADER_SEARCH_PATHS = (/Users/BrightLand/Envy/OpenCV,"$(inherited)");
				USE_HEADERMAP = NO;
				WARNING_CFLAGS = ("$(inherited)");
			};
			name = Debug;
		};
		8F88F671EABA4772A7976A4F /* Debug */ = {
			isa = XCBuildConfiguration;
			buildSettings = {
				COMBINE_HIDPI_IMAGES = YES;
				GCC_GENERATE_DEBUGGING_SYMBOLS = YES;
				GCC_INLINES_ARE_PRIVATE_EXTERN = NO;
				GCC_OPTIMIZATION_LEVEL = 0;
				GCC_PREPROCESSOR_DEFINITIONS = ("'CMAKE_INTDIR=\"$(CONFIGURATION)$(EFFECTIVE_PLATFORM_NAME)\"'","$(inherited)");
				GCC_SYMBOLS_PRIVATE_EXTERN = NO;
				INSTALL_PATH = "";
				OTHER_LDFLAGS = ("","$(inherited)");
				OTHER_REZFLAGS = "";
				PRODUCT_NAME = install;
				SECTORDER_FLAGS = "";
				SYMROOT = /Users/BrightLand/Envy/OpenCV/modules/flann;
				USE_HEADERMAP = NO;
				WARNING_CFLAGS = ("$(inherited)");
			};
			name = Debug;
		};
		9A91D01B07084861A87E018F /* Release */ = {
			isa = XCBuildConfiguration;
			buildSettings = {
				COMBINE_HIDPI_IMAGES = YES;
				CONFIGURATION_BUILD_DIR = /Users/BrightLand/Envy/OpenCV/bin/Release;
				EXECUTABLE_PREFIX = "";
				EXECUTABLE_SUFFIX = "";
				GCC_GENERATE_DEBUGGING_SYMBOLS = NO;
				GCC_INLINES_ARE_PRIVATE_EXTERN = NO;
				GCC_OPTIMIZATION_LEVEL = 3;
				GCC_PREPROCESSOR_DEFINITIONS = ("'CMAKE_INTDIR=\"$(CONFIGURATION)$(EFFECTIVE_PLATFORM_NAME)\"'","'__OPENCV_TESTS=1'",_USE_MATH_DEFINES,__STDC_CONSTANT_MACROS,__STDC_LIMIT_MACROS,__STDC_FORMAT_MACROS,"'__OPENCV_BUILD=1'","$(inherited)");
				GCC_SYMBOLS_PRIVATE_EXTERN = NO;
				HEADER_SEARCH_PATHS = (/Users/BrightLand/Envy/OpenCV/3rdparty/ippicv/ippicv_mac/icv/include,/Users/BrightLand/Envy/OpenCV/3rdparty/ippicv/ippicv_mac/iw/include,/Users/BrightLand/Envy/_opencv/modules/ts/include,/Users/BrightLand/Envy/_opencv/modules/flann/include,/Users/BrightLand/Envy/_opencv/modules/imgcodecs/include,/Users/BrightLand/Envy/_opencv/modules/videoio/include,/Users/BrightLand/Envy/_opencv/modules/core/include,/Users/BrightLand/Envy/_opencv/modules/imgproc/include,/Users/BrightLand/Envy/_opencv/modules/highgui/include,"$(inherited)");
				INSTALL_PATH = "";
				LD_RUNPATH_SEARCH_PATHS = ("/usr/local/lib /Users/BrightLand/Envy/OpenCV/lib/Release","$(inherited)");
				LIBRARY_SEARCH_PATHS = ("/usr/local/lib/$(CONFIGURATION)$(EFFECTIVE_PLATFORM_NAME)",/usr/local/lib,"$(inherited)");
				OTHER_CPLUSPLUSFLAGS = "   -fsigned-char -W -Wall -Wreturn-type -Wnon-virtual-dtor -Waddress -Wsequence-point -Wformat -Wformat-security -Wmissing-declarations -Wmissing-prototypes -Wstrict-prototypes -Wundef -Winit-self -Wpointer-arith -Wshadow -Wsign-promo -Wuninitialized -Wno-delete-non-virtual-dtor -Wno-unnamed-type-template-args -Wno-comment -fdiagnostics-show-option -Wno-long-long -Qunused-arguments -Wno-semicolon-before-method-body -ffunction-sections -fdata-sections  -fvisibility=hidden -fvisibility-inlines-hidden     -DNDEBUG  -DNDEBUG -fPIE '-std=c++11' ";
				OTHER_LDFLAGS = ("  -Wl,-dead_strip -Wl,-search_paths_first -Wl,-headerpad_max_install_names",/Users/BrightLand/Envy/OpenCV/lib/Release/libopencv_ts.a,/Users/BrightLand/Envy/OpenCV/lib/Release/libopencv_flann.4.5.5.dylib,/Users/BrightLand/Envy/OpenCV/lib/Release/libopencv_highgui.4.5.5.dylib,/Users/BrightLand/Envy/OpenCV/3rdparty/lib/Release/libippiw.a,/Users/BrightLand/Envy/OpenCV/3rdparty/ippicv/ippicv_mac/icv/lib/intel64/libippicv.a,/Users/BrightLand/Envy/OpenCV/lib/Release/libopencv_videoio.4.5.5.dylib,/Users/BrightLand/Envy/OpenCV/lib/Release/libopencv_imgcodecs.4.5.5.dylib,/Users/BrightLand/Envy/OpenCV/lib/Release/libopencv_imgproc.4.5.5.dylib,/Users/BrightLand/Envy/OpenCV/lib/Release/libopencv_core.4.5.5.dylib,"$(inherited)");
				OTHER_REZFLAGS = "";
				PRODUCT_NAME = opencv_test_flann;
				SECTORDER_FLAGS = "";
				SYMROOT = /Users/BrightLand/Envy/OpenCV/modules/flann;
				SYSTEM_HEADER_SEARCH_PATHS = (/Users/BrightLand/Envy/OpenCV,"$(inherited)");
				USE_HEADERMAP = NO;
				WARNING_CFLAGS = ("$(inherited)");
			};
			name = Release;
		};
		A66D4AB766364C9884871B59 /* Release */ = {
			isa = XCBuildConfiguration;
			buildSettings = {
				COMBINE_HIDPI_IMAGES = YES;
				CONFIGURATION_BUILD_DIR = /Users/BrightLand/Envy/OpenCV/lib/Release;
				DYLIB_COMPATIBILITY_VERSION = 405.0.0;
				DYLIB_CURRENT_VERSION = 4.5.5;
				EXECUTABLE_PREFIX = lib;
				EXECUTABLE_SUFFIX = .dylib;
				GCC_GENERATE_DEBUGGING_SYMBOLS = NO;
				GCC_INLINES_ARE_PRIVATE_EXTERN = NO;
				GCC_OPTIMIZATION_LEVEL = 3;
				GCC_PREPROCESSOR_DEFINITIONS = ("'CMAKE_INTDIR=\"$(CONFIGURATION)$(EFFECTIVE_PLATFORM_NAME)\"'",CVAPI_EXPORTS,_USE_MATH_DEFINES,__STDC_CONSTANT_MACROS,__STDC_LIMIT_MACROS,__STDC_FORMAT_MACROS,"'__OPENCV_BUILD=1'","$(inherited)");
				GCC_SYMBOLS_PRIVATE_EXTERN = NO;
				HEADER_SEARCH_PATHS = (/Users/BrightLand/Envy/OpenCV/3rdparty/ippicv/ippicv_mac/icv/include,/Users/BrightLand/Envy/OpenCV/3rdparty/ippicv/ippicv_mac/iw/include,/Users/BrightLand/Envy/_opencv/modules/flann/include,/Users/BrightLand/Envy/OpenCV/modules/flann,/Users/BrightLand/Envy/_opencv/modules/core/include,"$(inherited)");
				INSTALL_PATH = "";
				LD_RUNPATH_SEARCH_PATHS = ("/usr/local/lib /Users/BrightLand/Envy/OpenCV/lib/Release","$(inherited)");
				LIBRARY_SEARCH_PATHS = ("/usr/local/lib/$(CONFIGURATION)$(EFFECTIVE_PLATFORM_NAME)",/usr/local/lib,"$(inherited)");
				LIBRARY_STYLE = DYNAMIC;
				OTHER_CPLUSPLUSFLAGS = "   -fsigned-char -W -Wall -Wreturn-type -Wnon-virtual-dtor -Waddress -Wsequence-point -Wformat -Wformat-security -Wmissing-declarations -Wmissing-prototypes -Wstrict-prototypes -Wundef -Winit-self -Wpointer-arith -Wshadow -Wsign-promo -Wuninitialized -Wno-delete-non-virtual-dtor -Wno-unnamed-type-template-args -Wno-comment -fdiagnostics-show-option -Wno-long-long -Qunused-arguments -Wno-semicolon-before-method-body -ffunction-sections -fdata-sections  -fvisibility=hidden -fvisibility-inlines-hidden     -DNDEBUG  -DNDEBUG -fPIC '-std=c++11' ";
				OTHER_LDFLAGS = ("  -Wl,-dead_strip -dynamiclib -Wl,-headerpad_max_install_names -install_name @rpath/libopencv_flann.405.dylib",/Users/BrightLand/Envy/OpenCV/lib/Release/libopencv_core.4.5.5.dylib,/Users/BrightLand/Envy/OpenCV/3rdparty/lib/Release/libippiw.a,/Users/BrightLand/Envy/OpenCV/3rdparty/ippicv/ippicv_mac/icv/lib/intel64/libippicv.a,"$(inherited)");
				OTHER_REZFLAGS = "";
				PRODUCT_NAME = opencv_flann.4.5.5;
				SECTORDER_FLAGS = "";
				SYMROOT = /Users/BrightLand/Envy/OpenCV/modules/flann;
				SYSTEM_HEADER_SEARCH_PATHS = (/Users/BrightLand/Envy/OpenCV,"$(inherited)");
				USE_HEADERMAP = NO;
				WARNING_CFLAGS = ("$(inherited)");
			};
			name = Release;
		};
		A8FD59ED72B540AA9AD3268E /* Debug */ = {
			isa = XCBuildConfiguration;
			buildSettings = {
				COMBINE_HIDPI_IMAGES = YES;
				CONFIGURATION_BUILD_DIR = /Users/BrightLand/Envy/OpenCV/bin/Debug;
				EXECUTABLE_PREFIX = "";
				EXECUTABLE_SUFFIX = "";
				GCC_GENERATE_DEBUGGING_SYMBOLS = YES;
				GCC_INLINES_ARE_PRIVATE_EXTERN = NO;
				GCC_OPTIMIZATION_LEVEL = 0;
				GCC_PREPROCESSOR_DEFINITIONS = ("'CMAKE_INTDIR=\"$(CONFIGURATION)$(EFFECTIVE_PLATFORM_NAME)\"'","'__OPENCV_TESTS=1'",_USE_MATH_DEFINES,__STDC_CONSTANT_MACROS,__STDC_LIMIT_MACROS,__STDC_FORMAT_MACROS,"'__OPENCV_BUILD=1'","$(inherited)");
				GCC_SYMBOLS_PRIVATE_EXTERN = NO;
				HEADER_SEARCH_PATHS = (/Users/BrightLand/Envy/OpenCV/3rdparty/ippicv/ippicv_mac/icv/include,/Users/BrightLand/Envy/OpenCV/3rdparty/ippicv/ippicv_mac/iw/include,/Users/BrightLand/Envy/_opencv/modules/ts/include,/Users/BrightLand/Envy/_opencv/modules/flann/include,/Users/BrightLand/Envy/_opencv/modules/imgcodecs/include,/Users/BrightLand/Envy/_opencv/modules/videoio/include,/Users/BrightLand/Envy/_opencv/modules/core/include,/Users/BrightLand/Envy/_opencv/modules/imgproc/include,/Users/BrightLand/Envy/_opencv/modules/highgui/include,"$(inherited)");
				INSTALL_PATH = "";
				LD_RUNPATH_SEARCH_PATHS = ("/usr/local/lib /Users/BrightLand/Envy/OpenCV/lib/Debug","$(inherited)");
				LIBRARY_SEARCH_PATHS = ("/usr/local/lib/$(CONFIGURATION)$(EFFECTIVE_PLATFORM_NAME)",/usr/local/lib,"$(inherited)");
				OTHER_CPLUSPLUSFLAGS = "   -fsigned-char -W -Wall -Wreturn-type -Wnon-virtual-dtor -Waddress -Wsequence-point -Wformat -Wformat-security -Wmissing-declarations -Wmissing-prototypes -Wstrict-prototypes -Wundef -Winit-self -Wpointer-arith -Wshadow -Wsign-promo -Wuninitialized -Wno-delete-non-virtual-dtor -Wno-unnamed-type-template-args -Wno-comment -fdiagnostics-show-option -Wno-long-long -Qunused-arguments -Wno-semicolon-before-method-body -ffunction-sections -fdata-sections  -fvisibility=hidden -fvisibility-inlines-hidden         -DDEBUG -D_DEBUG -fPIE '-std=c++11' ";
				OTHER_LDFLAGS = ("  -Wl,-dead_strip -Wl,-search_paths_first -Wl,-headerpad_max_install_names",/Users/BrightLand/Envy/OpenCV/lib/Debug/libopencv_ts.a,/Users/BrightLand/Envy/OpenCV/lib/Debug/libopencv_flann.4.5.5.dylib,/Users/BrightLand/Envy/OpenCV/lib/Debug/libopencv_highgui.4.5.5.dylib,/Users/BrightLand/Envy/OpenCV/3rdparty/lib/Debug/libippiw.a,/Users/BrightLand/Envy/OpenCV/3rdparty/ippicv/ippicv_mac/icv/lib/intel64/libippicv.a,/Users/BrightLand/Envy/OpenCV/lib/Debug/libopencv_videoio.4.5.5.dylib,/Users/BrightLand/Envy/OpenCV/lib/Debug/libopencv_imgcodecs.4.5.5.dylib,/Users/BrightLand/Envy/OpenCV/lib/Debug/libopencv_imgproc.4.5.5.dylib,/Users/BrightLand/Envy/OpenCV/lib/Debug/libopencv_core.4.5.5.dylib,"$(inherited)");
				OTHER_REZFLAGS = "";
				PRODUCT_NAME = opencv_test_flann;
				SECTORDER_FLAGS = "";
				SYMROOT = /Users/BrightLand/Envy/OpenCV/modules/flann;
				SYSTEM_HEADER_SEARCH_PATHS = (/Users/BrightLand/Envy/OpenCV,"$(inherited)");
				USE_HEADERMAP = NO;
				WARNING_CFLAGS = ("$(inherited)");
			};
			name = Debug;
		};
		BCB988775F3A4E0B9A9D8175 /* Release */ = {
			isa = XCBuildConfiguration;
			buildSettings = {
				COMBINE_HIDPI_IMAGES = YES;
				GCC_GENERATE_DEBUGGING_SYMBOLS = YES;
				GCC_INLINES_ARE_PRIVATE_EXTERN = NO;
				GCC_OPTIMIZATION_LEVEL = 0;
				GCC_PREPROCESSOR_DEFINITIONS = ("'CMAKE_INTDIR=\"$(CONFIGURATION)$(EFFECTIVE_PLATFORM_NAME)\"'","$(inherited)");
				GCC_SYMBOLS_PRIVATE_EXTERN = NO;
				INSTALL_PATH = "";
				OTHER_LDFLAGS = ("","$(inherited)");
				OTHER_REZFLAGS = "";
				PRODUCT_NAME = ZERO_CHECK;
				SECTORDER_FLAGS = "";
				SYMROOT = /Users/BrightLand/Envy/OpenCV/modules/flann;
				USE_HEADERMAP = NO;
				WARNING_CFLAGS = ("$(inherited)");
			};
			name = Release;
		};
		D0D0A12E07254F2F80C16C04 /* Debug */ = {
			isa = XCBuildConfiguration;
			buildSettings = {
				COMBINE_HIDPI_IMAGES = YES;
				GCC_GENERATE_DEBUGGING_SYMBOLS = YES;
				GCC_INLINES_ARE_PRIVATE_EXTERN = NO;
				GCC_OPTIMIZATION_LEVEL = 0;
				GCC_PREPROCESSOR_DEFINITIONS = ("'CMAKE_INTDIR=\"$(CONFIGURATION)$(EFFECTIVE_PLATFORM_NAME)\"'","$(inherited)");
				GCC_SYMBOLS_PRIVATE_EXTERN = NO;
				INSTALL_PATH = "";
				OTHER_LDFLAGS = ("","$(inherited)");
				OTHER_REZFLAGS = "";
				PRODUCT_NAME = ALL_BUILD;
				SECTORDER_FLAGS = "";
				SYMROOT = /Users/BrightLand/Envy/OpenCV/modules/flann;
				USE_HEADERMAP = NO;
				WARNING_CFLAGS = ("$(inherited)");
			};
			name = Debug;
		};
/* End XCBuildConfiguration section */

/* Begin XCConfigurationList section */
		0D3F2B924EF041D094160DFA /* Build configuration list for PBXNativeTarget "opencv_flann" */ = {
			isa = XCConfigurationList;
			buildConfigurations = (
				8D1C5F840C074A2A80A90430 /* Debug */,
				A66D4AB766364C9884871B59 /* Release */,
			);
			defaultConfigurationIsVisible = 0;
			defaultConfigurationName = Debug;
		};
		240BAD6B2B0E49878D67D7B4 /* Build configuration list for PBXAggregateTarget "install" */ = {
			isa = XCConfigurationList;
			buildConfigurations = (
				8F88F671EABA4772A7976A4F /* Debug */,
				370FC98BC7E94C44B915DFEC /* Release */,
			);
			defaultConfigurationIsVisible = 0;
			defaultConfigurationName = Debug;
		};
		3F510C06BD8A4F9C8A4C8840 /* Build configuration list for PBXAggregateTarget "package" */ = {
			isa = XCConfigurationList;
			buildConfigurations = (
				3F1DFEC4CC4B46B29F6747A2 /* Debug */,
				8343F16A045C4F118DF7D8C2 /* Release */,
			);
			defaultConfigurationIsVisible = 0;
			defaultConfigurationName = Debug;
		};
		6968A46C95654FA58E703BB6 /* Build configuration list for PBXProject "opencv_flann" */ = {
			isa = XCConfigurationList;
			buildConfigurations = (
				752980D664ED450F8987BFFF /* Debug */,
				5EAE5A0D02E4475698882EE3 /* Release */,
			);
			defaultConfigurationIsVisible = 0;
			defaultConfigurationName = Debug;
		};
		6DC821E70FDE45C687395E2D /* Build configuration list for PBXAggregateTarget "ALL_BUILD" */ = {
			isa = XCConfigurationList;
			buildConfigurations = (
				D0D0A12E07254F2F80C16C04 /* Debug */,
				2FD2540793094A728B37C590 /* Release */,
			);
			defaultConfigurationIsVisible = 0;
			defaultConfigurationName = Debug;
		};
		903A80FC0E9545908D51F5DE /* Build configuration list for PBXAggregateTarget "ZERO_CHECK" */ = {
			isa = XCConfigurationList;
			buildConfigurations = (
				6BA993A0A3A0488CBB330E13 /* Debug */,
				BCB988775F3A4E0B9A9D8175 /* Release */,
			);
			defaultConfigurationIsVisible = 0;
			defaultConfigurationName = Debug;
		};
		920043F316224036BCDE41B6 /* Build configuration list for PBXAggregateTarget "RUN_TESTS" */ = {
			isa = XCConfigurationList;
			buildConfigurations = (
				8939F271605D4A2D90252A8A /* Debug */,
				5E4D1E8856D84FBB95647795 /* Release */,
			);
			defaultConfigurationIsVisible = 0;
			defaultConfigurationName = Debug;
		};
		F7C3A4C9FB9141AB9A59DB80 /* Build configuration list for PBXNativeTarget "opencv_test_flann" */ = {
			isa = XCConfigurationList;
			buildConfigurations = (
				A8FD59ED72B540AA9AD3268E /* Debug */,
				9A91D01B07084861A87E018F /* Release */,
			);
			defaultConfigurationIsVisible = 0;
			defaultConfigurationName = Debug;
		};
/* End XCConfigurationList section */
	};
	rootObject = FE9592AA45C24397A5A7738F /* Project object */;
}
