// !$*UTF8*$!
{
	archiveVersion = 1;
	classes = {
	};
	objectVersion = 46;
	objects = {

/* Begin PBXAggregateTarget section */
		6C70328E101E405D90D04461 /* RUN_TESTS */ = {
			isa = PBXAggregateTarget;
			buildConfigurationList = 6038D509E0694A4390002B82 /* Build configuration list for PBXAggregateTarget "RUN_TESTS" */;
			buildPhases = (
				003C8D08B0008F35F218E126 /* CMake PostBuild Rules */,
			);
			dependencies = (
			);
			name = RUN_TESTS;
			productName = RUN_TESTS;
		};
		8E1DD9A2B5724B10A912C43D /* package */ = {
			isa = PBXAggregateTarget;
			buildConfigurationList = 8AB6D992568045C28AF04EB7 /* Build configuration list for PBXAggregateTarget "package" */;
			buildPhases = (
				571234464C2A5D0D43F1AB42 /* CMake PostBuild Rules */,
			);
			dependencies = (
				8C1EA4C80A514D20A636A27E /* PBXTargetDependency */,
			);
			name = package;
			productName = package;
		};
		C08094B7A78641F983B39091 /* install */ = {
			isa = PBXAggregateTarget;
			buildConfigurationList = E7BEF6F0663447EEA75F5B80 /* Build configuration list for PBXAggregateTarget "install" */;
			buildPhases = (
				93426DA6A4AC2C2AC9CE883C /* CMake PostBuild Rules */,
			);
			dependencies = (
				E11B8271D2BC455AB50AD8B2 /* PBXTargetDependency */,
			);
			name = install;
			productName = install;
		};
		D0076E0C6A1E4F65A05B8A1E /* ALL_BUILD */ = {
			isa = PBXAggregateTarget;
			buildConfigurationList = 80E6CB012F8D445C89CED760 /* Build configuration list for PBXAggregateTarget "ALL_BUILD" */;
			buildPhases = (
				4B948EE4D1E6E51198CD6257 /* Generate CMakeFiles/ALL_BUILD */,
			);
			dependencies = (
				C71D73A589F841CCA591C471 /* PBXTargetDependency */,
				3912D243ADA64E15B20E53A3 /* PBXTargetDependency */,
			);
			name = ALL_BUILD;
			productName = ALL_BUILD;
		};
		D57DB21D30464006B1D1577E /* ZERO_CHECK */ = {
			isa = PBXAggregateTarget;
			buildConfigurationList = 040DE704F215439393D81E39 /* Build configuration list for PBXAggregateTarget "ZERO_CHECK" */;
			buildPhases = (
				772F06133E98EC49F826C28D /* Generate CMakeFiles/ZERO_CHECK */,
			);
			dependencies = (
			);
			name = ZERO_CHECK;
			productName = ZERO_CHECK;
		};
/* End PBXAggregateTarget section */

/* Begin PBXBuildFile section */
		20B8F1270206408FA510FABB /* /Users/BrightLand/Envy/_opencv/apps/visualisation/opencv_visualisation.cpp */ = {isa = PBXBuildFile; fileRef = A57F60421773450CAE2499CB /* /Users/BrightLand/Envy/_opencv/apps/visualisation/opencv_visualisation.cpp */; };
		629C2185778D42FEA81AA84A /* /Users/BrightLand/Envy/_opencv/apps/visualisation/CMakeLists.txt */ = {isa = PBXBuildFile; fileRef = 6D31C91B66AA4ABF8A088C25 /* /Users/BrightLand/Envy/_opencv/apps/visualisation/CMakeLists.txt */; };
/* End PBXBuildFile section */

/* Begin PBXBuildStyle section */
		5FAE9897C4124B3D920D3E2A /* Debug */ = {
			isa = PBXBuildStyle;
			buildSettings = {
				COPY_PHASE_STRIP = NO;
			};
			name = Debug;
		};
		EBA246B3ED874ECDB552075B /* Release */ = {
			isa = PBXBuildStyle;
			buildSettings = {
				COPY_PHASE_STRIP = NO;
			};
			name = Release;
		};
/* End PBXBuildStyle section */

/* Begin PBXContainerItemProxy section */
		6910F8F302A344609763D3C2 /* PBXContainerItemProxy */ = {
			isa = PBXContainerItemProxy;
			containerPortal = CE3BD5372AC749929CDA44BE /* Project object */;
			proxyType = 1;
			remoteGlobalIDString = D57DB21D30464006B1D1577E;
			remoteInfo = ZERO_CHECK;
		};
		70C2E920468F42DFBE2D7106 /* PBXContainerItemProxy */ = {
			isa = PBXContainerItemProxy;
			containerPortal = CE3BD5372AC749929CDA44BE /* Project object */;
			proxyType = 1;
			remoteGlobalIDString = D0076E0C6A1E4F65A05B8A1E;
			remoteInfo = ALL_BUILD;
		};
		8CC3A22A10E3475FB4C1FBB3 /* PBXContainerItemProxy */ = {
			isa = PBXContainerItemProxy;
			containerPortal = CE3BD5372AC749929CDA44BE /* Project object */;
			proxyType = 1;
			remoteGlobalIDString = AFD3D93FBAFF45CAA212CFD6;
			remoteInfo = opencv_visualisation;
		};
		A58177CFE9D449C79CC22D93 /* PBXContainerItemProxy */ = {
			isa = PBXContainerItemProxy;
			containerPortal = CE3BD5372AC749929CDA44BE /* Project object */;
			proxyType = 1;
			remoteGlobalIDString = D57DB21D30464006B1D1577E;
			remoteInfo = ZERO_CHECK;
		};
		A6E2FA5E0A4A4C889B04ED23 /* PBXContainerItemProxy */ = {
			isa = PBXContainerItemProxy;
			containerPortal = CE3BD5372AC749929CDA44BE /* Project object */;
			proxyType = 1;
			remoteGlobalIDString = D0076E0C6A1E4F65A05B8A1E;
			remoteInfo = ALL_BUILD;
		};
/* End PBXContainerItemProxy section */

/* Begin PBXFileReference section */
		248F6F42CB6744DAA1A9BF10 /* opencv_visualisation */ = {isa = PBXFileReference; explicitFileType = "compiled.mach-o.executable"; path = opencv_visualisation; sourceTree = BUILT_PRODUCTS_DIR; };
		33A99D6CDA984FC0B23FD9C9 /* /Users/BrightLand/Envy/_opencv/apps/visualisation/CMakeLists.txt */ = {isa = PBXFileReference; explicitFileType = sourcecode.text; fileEncoding = 4; name = CMakeLists.txt; path = CMakeLists.txt; sourceTree = SOURCE_ROOT; };
		6D31C91B66AA4ABF8A088C25 /* /Users/BrightLand/Envy/_opencv/apps/visualisation/CMakeLists.txt */ = {isa = PBXFileReference; explicitFileType = sourcecode.text; fileEncoding = 4; name = CMakeLists.txt; path = CMakeLists.txt; sourceTree = SOURCE_ROOT; };
		A57F60421773450CAE2499CB /* /Users/BrightLand/Envy/_opencv/apps/visualisation/opencv_visualisation.cpp */ = {isa = PBXFileReference; explicitFileType = sourcecode.cpp.cpp; fileEncoding = 4; name = opencv_visualisation.cpp; path = opencv_visualisation.cpp; sourceTree = SOURCE_ROOT; };
/* End PBXFileReference section */

/* Begin PBXFrameworksBuildPhase section */
		64543BD909DE473EBB1C60F3 /* Frameworks */ = {
			isa = PBXFrameworksBuildPhase;
			buildActionMask = 2147483647;
			files = (
			);
			runOnlyForDeploymentPostprocessing = 0;
		};
/* End PBXFrameworksBuildPhase section */

/* Begin PBXGroup section */
		1A30AA2F69FC4B7089161A15 /* applications */ = {
			isa = PBXGroup;
			children = (
				3601A70C74854A32B93B573D /* opencv_visualisation */,
			);
			name = applications;
			sourceTree = "<group>";
		};
		1CCB72FD1B7F4EA092838037 /* Source Files */ = {
			isa = PBXGroup;
			children = (
				A57F60421773450CAE2499CB /* /Users/BrightLand/Envy/_opencv/apps/visualisation/opencv_visualisation.cpp */,
			);
			name = "Source Files";
			sourceTree = "<group>";
		};
		3601A70C74854A32B93B573D /* opencv_visualisation */ = {
			isa = PBXGroup;
			children = (
				1CCB72FD1B7F4EA092838037 /* Source Files */,
				6D31C91B66AA4ABF8A088C25 /* /Users/BrightLand/Envy/_opencv/apps/visualisation/CMakeLists.txt */,
			);
			name = opencv_visualisation;
			sourceTree = "<group>";
		};
		3AB0398DDC544A4D9D2BD9E3 /* ALL_BUILD */ = {
			isa = PBXGroup;
			children = (
				F888EB4D9B1A438E8FE6A02E /* CMake Rules */,
				33A99D6CDA984FC0B23FD9C9 /* /Users/BrightLand/Envy/_opencv/apps/visualisation/CMakeLists.txt */,
			);
			name = ALL_BUILD;
			sourceTree = "<group>";
		};
		8D1366C4AF9243AB887AE5E1 /* Products */ = {
			isa = PBXGroup;
			children = (
				248F6F42CB6744DAA1A9BF10 /* opencv_visualisation */,
			);
			name = Products;
			sourceTree = "<group>";
		};
		CE25377027D044C59954C2B9 = {
			isa = PBXGroup;
			children = (
				1A30AA2F69FC4B7089161A15 /* applications */,
				3AB0398DDC544A4D9D2BD9E3 /* ALL_BUILD */,
				8D1366C4AF9243AB887AE5E1 /* Products */,
				E5AA888E4D3A4FE097E15DFE /* Frameworks */,
			);
			sourceTree = "<group>";
		};
		E5AA888E4D3A4FE097E15DFE /* Frameworks */ = {
			isa = PBXGroup;
			children = (
			);
			name = Frameworks;
			sourceTree = "<group>";
		};
		F888EB4D9B1A438E8FE6A02E /* CMake Rules */ = {
			isa = PBXGroup;
			children = (
			);
			name = "CMake Rules";
			sourceTree = "<group>";
		};
/* End PBXGroup section */

/* Begin PBXNativeTarget section */
		AFD3D93FBAFF45CAA212CFD6 /* opencv_visualisation */ = {
			isa = PBXNativeTarget;
			buildConfigurationList = 4F627D3845EC477D90BC901D /* Build configuration list for PBXNativeTarget "opencv_visualisation" */;
			buildPhases = (
				F2EC0BBDBC6F4D268A3BA1E8 /* Sources */,
				64543BD909DE473EBB1C60F3 /* Frameworks */,
			);
			buildRules = (
			);
			dependencies = (
				5617A5872EF148228B75844B /* PBXTargetDependency */,
			);
			name = opencv_visualisation;
			productName = opencv_visualisation;
			productReference = 248F6F42CB6744DAA1A9BF10 /* opencv_visualisation */;
			productType = "com.apple.product-type.tool";
		};
/* End PBXNativeTarget section */

/* Begin PBXProject section */
		CE3BD5372AC749929CDA44BE /* Project object */ = {
			isa = PBXProject;
			attributes = {
				BuildIndependentTargetsInParallel = YES;
				LastUpgradeCheck = 1320;
			};
			buildConfigurationList = 02395EEDBD8B406EA9FCDD3A /* Build configuration list for PBXProject "opencv_visualisation" */;
			buildSettings = {
			};
			buildStyles = (
				5FAE9897C4124B3D920D3E2A /* Debug */,
				EBA246B3ED874ECDB552075B /* Release */,
			);
			compatibilityVersion = "Xcode 3.2";
			hasScannedForEncodings = 0;
			mainGroup = CE25377027D044C59954C2B9;
			projectDirPath = /Users/BrightLand/Envy/_opencv/apps/visualisation;
			projectRoot = "";
			targets = (
				D0076E0C6A1E4F65A05B8A1E /* ALL_BUILD */,
				6C70328E101E405D90D04461 /* RUN_TESTS */,
				D57DB21D30464006B1D1577E /* ZERO_CHECK */,
				C08094B7A78641F983B39091 /* install */,
				AFD3D93FBAFF45CAA212CFD6 /* opencv_visualisation */,
				8E1DD9A2B5724B10A912C43D /* package */,
			);
		};
/* End PBXProject section */

/* Begin PBXShellScriptBuildPhase section */
		003C8D08B0008F35F218E126 /* CMake PostBuild Rules */ = {
			isa = PBXShellScriptBuildPhase;
			alwaysOutOfDate = 1;
			buildActionMask = 2147483647;
			files = (
			);
			name = "CMake PostBuild Rules";
			outputPaths = (
			);
			runOnlyForDeploymentPostprocessing = 0;
			shellPath = /bin/sh;
			shellScript = "set -e
if test \"$CONFIGURATION\" = \"Debug\"; then :
  cd /Users/BrightLand/Envy/OpenCV/apps/visualisation
  /Applications/CMake.app/Contents/bin/ctest --force-new-ctest-process -C $CONFIGURATION$EFFECTIVE_PLATFORM_NAME
fi
if test \"$CONFIGURATION\" = \"Release\"; then :
  cd /Users/BrightLand/Envy/OpenCV/apps/visualisation
  /Applications/CMake.app/Contents/bin/ctest --force-new-ctest-process -C $CONFIGURATION$EFFECTIVE_PLATFORM_NAME
fi
";
			showEnvVarsInLog = 0;
		};
		3C0110FC8322DE7E50886E21 = {
			isa = PBXShellScriptBuildPhase;
			buildActionMask = 2147483647;
			files = (
			);
			inputPaths = (
			);
			outputPaths = (
			);
			runOnlyForDeploymentPostprocessing = 0;
			shellPath = /bin/sh;
			shellScript = "# shell script goes here
exit 0";
			showEnvVarsInLog = 0;
		};
		4B948EE4D1E6E51198CD6257 /* Generate CMakeFiles/ALL_BUILD */ = {
			isa = PBXShellScriptBuildPhase;
			alwaysOutOfDate = 1;
			buildActionMask = 2147483647;
			files = (
			);
			inputPaths = (
			);
			name = "Generate CMakeFiles/ALL_BUILD";
			outputPaths = (
/Users/BrightLand/Envy/OpenCV/apps/visualisation/CMakeFiles/ALL_BUILD			);
			runOnlyForDeploymentPostprocessing = 0;
			shellPath = /bin/sh;
			shellScript = "set -e
if test \"$CONFIGURATION\" = \"Debug\"; then :
  cd /Users/BrightLand/Envy/OpenCV/apps/visualisation
  echo Build\\ all\\ projects
fi
if test \"$CONFIGURATION\" = \"Release\"; then :
  cd /Users/BrightLand/Envy/OpenCV/apps/visualisation
  echo Build\\ all\\ projects
fi
";
			showEnvVarsInLog = 0;
		};
		571234464C2A5D0D43F1AB42 /* CMake PostBuild Rules */ = {
			isa = PBXShellScriptBuildPhase;
			alwaysOutOfDate = 1;
			buildActionMask = 2147483647;
			files = (
			);
			name = "CMake PostBuild Rules";
			outputPaths = (
			);
			runOnlyForDeploymentPostprocessing = 0;
			shellPath = /bin/sh;
			shellScript = "set -e
if test \"$CONFIGURATION\" = \"Debug\"; then :
  cd /Users/BrightLand/Envy/OpenCV
  /Applications/CMake.app/Contents/bin/cpack -C $CONFIGURATION$EFFECTIVE_PLATFORM_NAME --config ./CPackConfig.cmake
fi
if test \"$CONFIGURATION\" = \"Release\"; then :
  cd /Users/BrightLand/Envy/OpenCV
  /Applications/CMake.app/Contents/bin/cpack -C $CONFIGURATION$EFFECTIVE_PLATFORM_NAME --config ./CPackConfig.cmake
fi
";
			showEnvVarsInLog = 0;
		};
		661D9C604B3B91332E7543CC = {
			isa = PBXShellScriptBuildPhase;
			buildActionMask = 2147483647;
			files = (
			);
			inputPaths = (
			);
			outputPaths = (
			);
			runOnlyForDeploymentPostprocessing = 0;
			shellPath = /bin/sh;
			shellScript = "# shell script goes here
exit 0";
			showEnvVarsInLog = 0;
		};
		772F06133E98EC49F826C28D /* Generate CMakeFiles/ZERO_CHECK */ = {
			isa = PBXShellScriptBuildPhase;
			alwaysOutOfDate = 1;
			buildActionMask = 2147483647;
			files = (
			);
			inputPaths = (
			);
			name = "Generate CMakeFiles/ZERO_CHECK";
			outputPaths = (
/Users/BrightLand/Envy/OpenCV/apps/visualisation/CMakeFiles/ZERO_CHECK			);
			runOnlyForDeploymentPostprocessing = 0;
			shellPath = /bin/sh;
			shellScript = "set -e
if test \"$CONFIGURATION\" = \"Debug\"; then :
  cd /Users/BrightLand/Envy/OpenCV/apps/visualisation
  make -f /Users/BrightLand/Envy/OpenCV/apps/visualisation/CMakeScripts/ReRunCMake.make
fi
if test \"$CONFIGURATION\" = \"Release\"; then :
  cd /Users/BrightLand/Envy/OpenCV/apps/visualisation
  make -f /Users/BrightLand/Envy/OpenCV/apps/visualisation/CMakeScripts/ReRunCMake.make
fi
";
			showEnvVarsInLog = 0;
		};
		87AF4882E018677E2624B544 = {
			isa = PBXShellScriptBuildPhase;
			buildActionMask = 2147483647;
			files = (
			);
			inputPaths = (
			);
			outputPaths = (
			);
			runOnlyForDeploymentPostprocessing = 0;
			shellPath = /bin/sh;
			shellScript = "# shell script goes here
exit 0";
			showEnvVarsInLog = 0;
		};
		910A41151295C5F9742C25BD = {
			isa = PBXShellScriptBuildPhase;
			buildActionMask = 2147483647;
			files = (
			);
			inputPaths = (
			);
			outputPaths = (
			);
			runOnlyForDeploymentPostprocessing = 0;
			shellPath = /bin/sh;
			shellScript = "# shell script goes here
exit 0";
			showEnvVarsInLog = 0;
		};
		93426DA6A4AC2C2AC9CE883C /* CMake PostBuild Rules */ = {
			isa = PBXShellScriptBuildPhase;
			alwaysOutOfDate = 1;
			buildActionMask = 2147483647;
			files = (
			);
			name = "CMake PostBuild Rules";
			outputPaths = (
			);
			runOnlyForDeploymentPostprocessing = 0;
			shellPath = /bin/sh;
			shellScript = "set -e
if test \"$CONFIGURATION\" = \"Debug\"; then :
  cd /Users/BrightLand/Envy/OpenCV/apps/visualisation
  /Applications/CMake.app/Contents/bin/cmake -DBUILD_TYPE=$CONFIGURATION$EFFECTIVE_PLATFORM_NAME -P cmake_install.cmake
fi
if test \"$CONFIGURATION\" = \"Release\"; then :
  cd /Users/BrightLand/Envy/OpenCV/apps/visualisation
  /Applications/CMake.app/Contents/bin/cmake -DBUILD_TYPE=$CONFIGURATION$EFFECTIVE_PLATFORM_NAME -P cmake_install.cmake
fi
";
			showEnvVarsInLog = 0;
		};
		9B50530E35CC49C82C2FACCF = {
			isa = PBXShellScriptBuildPhase;
			buildActionMask = 2147483647;
			files = (
			);
			inputPaths = (
			);
			outputPaths = (
			);
			runOnlyForDeploymentPostprocessing = 0;
			shellPath = /bin/sh;
			shellScript = "# shell script goes here
exit 0";
			showEnvVarsInLog = 0;
		};
/* End PBXShellScriptBuildPhase section */

/* Begin PBXSourcesBuildPhase section */
		F2EC0BBDBC6F4D268A3BA1E8 /* Sources */ = {
			isa = PBXSourcesBuildPhase;
			buildActionMask = 2147483647;
			files = (
				20B8F1270206408FA510FABB /* /Users/BrightLand/Envy/_opencv/apps/visualisation/opencv_visualisation.cpp */,
			);
			runOnlyForDeploymentPostprocessing = 0;
		};
/* End PBXSourcesBuildPhase section */

/* Begin PBXTargetDependency section */
		3912D243ADA64E15B20E53A3 /* PBXTargetDependency */ = {
			isa = PBXTargetDependency;
			target = D57DB21D30464006B1D1577E /* ZERO_CHECK */;
			targetProxy = A58177CFE9D449C79CC22D93 /* PBXContainerItemProxy */;
		};
		5617A5872EF148228B75844B /* PBXTargetDependency */ = {
			isa = PBXTargetDependency;
			target = D57DB21D30464006B1D1577E /* ZERO_CHECK */;
			targetProxy = 6910F8F302A344609763D3C2 /* PBXContainerItemProxy */;
		};
		8C1EA4C80A514D20A636A27E /* PBXTargetDependency */ = {
			isa = PBXTargetDependency;
			target = D0076E0C6A1E4F65A05B8A1E /* ALL_BUILD */;
			targetProxy = 70C2E920468F42DFBE2D7106 /* PBXContainerItemProxy */;
		};
		C71D73A589F841CCA591C471 /* PBXTargetDependency */ = {
			isa = PBXTargetDependency;
			target = AFD3D93FBAFF45CAA212CFD6 /* opencv_visualisation */;
			targetProxy = 8CC3A22A10E3475FB4C1FBB3 /* PBXContainerItemProxy */;
		};
		E11B8271D2BC455AB50AD8B2 /* PBXTargetDependency */ = {
			isa = PBXTargetDependency;
			target = D0076E0C6A1E4F65A05B8A1E /* ALL_BUILD */;
			targetProxy = A6E2FA5E0A4A4C889B04ED23 /* PBXContainerItemProxy */;
		};
/* End PBXTargetDependency section */

/* Begin XCBuildConfiguration section */
		1C1FE8FD4BB9454EBD248006 /* Release */ = {
			isa = XCBuildConfiguration;
			buildSettings = {
				COMBINE_HIDPI_IMAGES = YES;
				GCC_GENERATE_DEBUGGING_SYMBOLS = YES;
				GCC_INLINES_ARE_PRIVATE_EXTERN = NO;
				GCC_OPTIMIZATION_LEVEL = 0;
				GCC_PREPROCESSOR_DEFINITIONS = ("'CMAKE_INTDIR=\"$(CONFIGURATION)$(EFFECTIVE_PLATFORM_NAME)\"'","$(inherited)");
				GCC_SYMBOLS_PRIVATE_EXTERN = NO;
				INSTALL_PATH = "";
				OTHER_LDFLAGS = ("","$(inherited)");
				OTHER_REZFLAGS = "";
				PRODUCT_NAME = ALL_BUILD;
				SECTORDER_FLAGS = "";
				SYMROOT = /Users/BrightLand/Envy/OpenCV/apps/visualisation;
				USE_HEADERMAP = NO;
				WARNING_CFLAGS = ("$(inherited)");
			};
			name = Release;
		};
		445F2C46CE1F41D2B26E80C3 /* Release */ = {
			isa = XCBuildConfiguration;
			buildSettings = {
				COMBINE_HIDPI_IMAGES = YES;
				CONFIGURATION_BUILD_DIR = /Users/BrightLand/Envy/OpenCV/bin/Release;
				EXECUTABLE_PREFIX = "";
				EXECUTABLE_SUFFIX = "";
				GCC_GENERATE_DEBUGGING_SYMBOLS = NO;
				GCC_INLINES_ARE_PRIVATE_EXTERN = NO;
				GCC_OPTIMIZATION_LEVEL = 3;
				GCC_PREPROCESSOR_DEFINITIONS = ("'CMAKE_INTDIR=\"$(CONFIGURATION)$(EFFECTIVE_PLATFORM_NAME)\"'","'__OPENCV_BUILD=1'","'__OPENCV_APPS=1'","$(inherited)");
				GCC_SYMBOLS_PRIVATE_EXTERN = NO;
				HEADER_SEARCH_PATHS = (/Users/BrightLand/Envy/OpenCV/3rdparty/ippicv/ippicv_mac/icv/include,/Users/BrightLand/Envy/OpenCV/3rdparty/ippicv/ippicv_mac/iw/include,/Users/BrightLand/Envy/_opencv/modules/core/include,/Users/BrightLand/Envy/_opencv/modules/highgui/include,/Users/BrightLand/Envy/_opencv/modules/imgproc/include,/Users/BrightLand/Envy/_opencv/modules/imgcodecs/include,/Users/BrightLand/Envy/_opencv/modules/videoio/include,/Users/BrightLand/Envy/_opencv/apps/visualisation/PRIVATE,/Users/BrightLand/Envy/_opencv/include/opencv,"$(inherited)");
				INSTALL_PATH = "";
				LD_RUNPATH_SEARCH_PATHS = ("/usr/local/lib /Users/BrightLand/Envy/OpenCV/lib/Release","$(inherited)");
				LIBRARY_SEARCH_PATHS = ("/usr/local/lib/$(CONFIGURATION)$(EFFECTIVE_PLATFORM_NAME)",/usr/local/lib,"$(inherited)");
				OTHER_CPLUSPLUSFLAGS = "   -fsigned-char -W -Wall -Wreturn-type -Wnon-virtual-dtor -Waddress -Wsequence-point -Wformat -Wformat-security -Wmissing-declarations -Wmissing-prototypes -Wstrict-prototypes -Wundef -Winit-self -Wpointer-arith -Wshadow -Wsign-promo -Wuninitialized -Wno-delete-non-virtual-dtor -Wno-unnamed-type-template-args -Wno-comment -fdiagnostics-show-option -Wno-long-long -Qunused-arguments -Wno-semicolon-before-method-body -ffunction-sections -fdata-sections  -fvisibility=hidden -fvisibility-inlines-hidden     -DNDEBUG  -DNDEBUG -fPIE '-std=c++11' ";
				OTHER_LDFLAGS = ("  -Wl,-dead_strip -Wl,-search_paths_first -Wl,-headerpad_max_install_names",/Users/BrightLand/Envy/OpenCV/3rdparty/lib/Release/libippiw.a,/Users/BrightLand/Envy/OpenCV/3rdparty/ippicv/ippicv_mac/icv/lib/intel64/libippicv.a,/Users/BrightLand/Envy/OpenCV/lib/Release/libopencv_highgui.4.5.5.dylib,/Users/BrightLand/Envy/OpenCV/lib/Release/libopencv_videoio.4.5.5.dylib,/Users/BrightLand/Envy/OpenCV/lib/Release/libopencv_imgcodecs.4.5.5.dylib,/Users/BrightLand/Envy/OpenCV/lib/Release/libopencv_imgproc.4.5.5.dylib,/Users/BrightLand/Envy/OpenCV/lib/Release/libopencv_core.4.5.5.dylib,"$(inherited)");
				OTHER_REZFLAGS = "";
				PRODUCT_NAME = opencv_visualisation;
				SECTORDER_FLAGS = "";
				SYMROOT = /Users/BrightLand/Envy/OpenCV/apps/visualisation;
				SYSTEM_HEADER_SEARCH_PATHS = (/Users/BrightLand/Envy/OpenCV,"$(inherited)");
				USE_HEADERMAP = NO;
				WARNING_CFLAGS = ("$(inherited)");
			};
			name = Release;
		};
		4DD611F9D8594DF9A30E172B /* Debug */ = {
			isa = XCBuildConfiguration;
			buildSettings = {
				COMBINE_HIDPI_IMAGES = YES;
				GCC_GENERATE_DEBUGGING_SYMBOLS = YES;
				GCC_INLINES_ARE_PRIVATE_EXTERN = NO;
				GCC_OPTIMIZATION_LEVEL = 0;
				GCC_PREPROCESSOR_DEFINITIONS = ("'CMAKE_INTDIR=\"$(CONFIGURATION)$(EFFECTIVE_PLATFORM_NAME)\"'","$(inherited)");
				GCC_SYMBOLS_PRIVATE_EXTERN = NO;
				INSTALL_PATH = "";
				OTHER_LDFLAGS = ("","$(inherited)");
				OTHER_REZFLAGS = "";
				PRODUCT_NAME = install;
				SECTORDER_FLAGS = "";
				SYMROOT = /Users/BrightLand/Envy/OpenCV/apps/visualisation;
				USE_HEADERMAP = NO;
				WARNING_CFLAGS = ("$(inherited)");
			};
			name = Debug;
		};
		61308AE49BF14B75A802678E /* Release */ = {
			isa = XCBuildConfiguration;
			buildSettings = {
				COMBINE_HIDPI_IMAGES = YES;
				GCC_GENERATE_DEBUGGING_SYMBOLS = YES;
				GCC_INLINES_ARE_PRIVATE_EXTERN = NO;
				GCC_OPTIMIZATION_LEVEL = 0;
				GCC_PREPROCESSOR_DEFINITIONS = ("'CMAKE_INTDIR=\"$(CONFIGURATION)$(EFFECTIVE_PLATFORM_NAME)\"'","$(inherited)");
				GCC_SYMBOLS_PRIVATE_EXTERN = NO;
				INSTALL_PATH = "";
				OTHER_LDFLAGS = ("","$(inherited)");
				OTHER_REZFLAGS = "";
				PRODUCT_NAME = package;
				SECTORDER_FLAGS = "";
				SYMROOT = /Users/BrightLand/Envy/OpenCV/apps/visualisation;
				USE_HEADERMAP = NO;
				WARNING_CFLAGS = ("$(inherited)");
			};
			name = Release;
		};
		6FAF2CF634424C85A5ECCBDA /* Release */ = {
			isa = XCBuildConfiguration;
			buildSettings = {
				COMBINE_HIDPI_IMAGES = YES;
				GCC_GENERATE_DEBUGGING_SYMBOLS = YES;
				GCC_INLINES_ARE_PRIVATE_EXTERN = NO;
				GCC_OPTIMIZATION_LEVEL = 0;
				GCC_PREPROCESSOR_DEFINITIONS = ("'CMAKE_INTDIR=\"$(CONFIGURATION)$(EFFECTIVE_PLATFORM_NAME)\"'","$(inherited)");
				GCC_SYMBOLS_PRIVATE_EXTERN = NO;
				INSTALL_PATH = "";
				OTHER_LDFLAGS = ("","$(inherited)");
				OTHER_REZFLAGS = "";
				PRODUCT_NAME = install;
				SECTORDER_FLAGS = "";
				SYMROOT = /Users/BrightLand/Envy/OpenCV/apps/visualisation;
				USE_HEADERMAP = NO;
				WARNING_CFLAGS = ("$(inherited)");
			};
			name = Release;
		};
		8787A44BB5714F969D89F28B /* Debug */ = {
			isa = XCBuildConfiguration;
			buildSettings = {
				ARCHS = "$(NATIVE_ARCH_ACTUAL)";
				ONLY_ACTIVE_ARCH = YES;
				SDKROOT = /Applications/Xcode.app/Contents/Developer/Platforms/MacOSX.platform/Developer/SDKs/MacOSX12.1.sdk;
				SYMROOT = /Users/BrightLand/Envy/OpenCV/apps/visualisation/build;
			};
			name = Debug;
		};
		88E8A3B84ED3426EA2FA6C45 /* Debug */ = {
			isa = XCBuildConfiguration;
			buildSettings = {
				COMBINE_HIDPI_IMAGES = YES;
				CONFIGURATION_BUILD_DIR = /Users/BrightLand/Envy/OpenCV/bin/Debug;
				EXECUTABLE_PREFIX = "";
				EXECUTABLE_SUFFIX = "";
				GCC_GENERATE_DEBUGGING_SYMBOLS = YES;
				GCC_INLINES_ARE_PRIVATE_EXTERN = NO;
				GCC_OPTIMIZATION_LEVEL = 0;
				GCC_PREPROCESSOR_DEFINITIONS = ("'CMAKE_INTDIR=\"$(CONFIGURATION)$(EFFECTIVE_PLATFORM_NAME)\"'","'__OPENCV_BUILD=1'","'__OPENCV_APPS=1'","$(inherited)");
				GCC_SYMBOLS_PRIVATE_EXTERN = NO;
				HEADER_SEARCH_PATHS = (/Users/BrightLand/Envy/OpenCV/3rdparty/ippicv/ippicv_mac/icv/include,/Users/BrightLand/Envy/OpenCV/3rdparty/ippicv/ippicv_mac/iw/include,/Users/BrightLand/Envy/_opencv/modules/core/include,/Users/BrightLand/Envy/_opencv/modules/highgui/include,/Users/BrightLand/Envy/_opencv/modules/imgproc/include,/Users/BrightLand/Envy/_opencv/modules/imgcodecs/include,/Users/BrightLand/Envy/_opencv/modules/videoio/include,/Users/BrightLand/Envy/_opencv/apps/visualisation/PRIVATE,/Users/BrightLand/Envy/_opencv/include/opencv,"$(inherited)");
				INSTALL_PATH = "";
				LD_RUNPATH_SEARCH_PATHS = ("/usr/local/lib /Users/BrightLand/Envy/OpenCV/lib/Debug","$(inherited)");
				LIBRARY_SEARCH_PATHS = ("/usr/local/lib/$(CONFIGURATION)$(EFFECTIVE_PLATFORM_NAME)",/usr/local/lib,"$(inherited)");
				OTHER_CPLUSPLUSFLAGS = "   -fsigned-char -W -Wall -Wreturn-type -Wnon-virtual-dtor -Waddress -Wsequence-point -Wformat -Wformat-security -Wmissing-declarations -Wmissing-prototypes -Wstrict-prototypes -Wundef -Winit-self -Wpointer-arith -Wshadow -Wsign-promo -Wuninitialized -Wno-delete-non-virtual-dtor -Wno-unnamed-type-template-args -Wno-comment -fdiagnostics-show-option -Wno-long-long -Qunused-arguments -Wno-semicolon-before-method-body -ffunction-sections -fdata-sections  -fvisibility=hidden -fvisibility-inlines-hidden         -DDEBUG -D_DEBUG -fPIE '-std=c++11' ";
				OTHER_LDFLAGS = ("  -Wl,-dead_strip -Wl,-search_paths_first -Wl,-headerpad_max_install_names",/Users/BrightLand/Envy/OpenCV/3rdparty/lib/Debug/libippiw.a,/Users/BrightLand/Envy/OpenCV/3rdparty/ippicv/ippicv_mac/icv/lib/intel64/libippicv.a,/Users/BrightLand/Envy/OpenCV/lib/Debug/libopencv_highgui.4.5.5.dylib,/Users/BrightLand/Envy/OpenCV/lib/Debug/libopencv_videoio.4.5.5.dylib,/Users/BrightLand/Envy/OpenCV/lib/Debug/libopencv_imgcodecs.4.5.5.dylib,/Users/BrightLand/Envy/OpenCV/lib/Debug/libopencv_imgproc.4.5.5.dylib,/Users/BrightLand/Envy/OpenCV/lib/Debug/libopencv_core.4.5.5.dylib,"$(inherited)");
				OTHER_REZFLAGS = "";
				PRODUCT_NAME = opencv_visualisation;
				SECTORDER_FLAGS = "";
				SYMROOT = /Users/BrightLand/Envy/OpenCV/apps/visualisation;
				SYSTEM_HEADER_SEARCH_PATHS = (/Users/BrightLand/Envy/OpenCV,"$(inherited)");
				USE_HEADERMAP = NO;
				WARNING_CFLAGS = ("$(inherited)");
			};
			name = Debug;
		};
		C5E99AE9D6314331B4317F83 /* Debug */ = {
			isa = XCBuildConfiguration;
			buildSettings = {
				COMBINE_HIDPI_IMAGES = YES;
				GCC_GENERATE_DEBUGGING_SYMBOLS = YES;
				GCC_INLINES_ARE_PRIVATE_EXTERN = NO;
				GCC_OPTIMIZATION_LEVEL = 0;
				GCC_PREPROCESSOR_DEFINITIONS = ("'CMAKE_INTDIR=\"$(CONFIGURATION)$(EFFECTIVE_PLATFORM_NAME)\"'","$(inherited)");
				GCC_SYMBOLS_PRIVATE_EXTERN = NO;
				INSTALL_PATH = "";
				OTHER_LDFLAGS = ("","$(inherited)");
				OTHER_REZFLAGS = "";
				PRODUCT_NAME = RUN_TESTS;
				SECTORDER_FLAGS = "";
				SYMROOT = /Users/BrightLand/Envy/OpenCV/apps/visualisation;
				USE_HEADERMAP = NO;
				WARNING_CFLAGS = ("$(inherited)");
			};
			name = Debug;
		};
		CC36E4A38DF74F258C3A3547 /* Release */ = {
			isa = XCBuildConfiguration;
			buildSettings = {
				COMBINE_HIDPI_IMAGES = YES;
				GCC_GENERATE_DEBUGGING_SYMBOLS = YES;
				GCC_INLINES_ARE_PRIVATE_EXTERN = NO;
				GCC_OPTIMIZATION_LEVEL = 0;
				GCC_PREPROCESSOR_DEFINITIONS = ("'CMAKE_INTDIR=\"$(CONFIGURATION)$(EFFECTIVE_PLATFORM_NAME)\"'","$(inherited)");
				GCC_SYMBOLS_PRIVATE_EXTERN = NO;
				INSTALL_PATH = "";
				OTHER_LDFLAGS = ("","$(inherited)");
				OTHER_REZFLAGS = "";
				PRODUCT_NAME = RUN_TESTS;
				SECTORDER_FLAGS = "";
				SYMROOT = /Users/BrightLand/Envy/OpenCV/apps/visualisation;
				USE_HEADERMAP = NO;
				WARNING_CFLAGS = ("$(inherited)");
			};
			name = Release;
		};
		D1E3B2AE21CD4DE38A652A2C /* Debug */ = {
			isa = XCBuildConfiguration;
			buildSettings = {
				COMBINE_HIDPI_IMAGES = YES;
				GCC_GENERATE_DEBUGGING_SYMBOLS = YES;
				GCC_INLINES_ARE_PRIVATE_EXTERN = NO;
				GCC_OPTIMIZATION_LEVEL = 0;
				GCC_PREPROCESSOR_DEFINITIONS = ("'CMAKE_INTDIR=\"$(CONFIGURATION)$(EFFECTIVE_PLATFORM_NAME)\"'","$(inherited)");
				GCC_SYMBOLS_PRIVATE_EXTERN = NO;
				INSTALL_PATH = "";
				OTHER_LDFLAGS = ("","$(inherited)");
				OTHER_REZFLAGS = "";
				PRODUCT_NAME = package;
				SECTORDER_FLAGS = "";
				SYMROOT = /Users/BrightLand/Envy/OpenCV/apps/visualisation;
				USE_HEADERMAP = NO;
				WARNING_CFLAGS = ("$(inherited)");
			};
			name = Debug;
		};
		D2893E57C94C400DA86892DC /* Release */ = {
			isa = XCBuildConfiguration;
			buildSettings = {
				COMBINE_HIDPI_IMAGES = YES;
				GCC_GENERATE_DEBUGGING_SYMBOLS = YES;
				GCC_INLINES_ARE_PRIVATE_EXTERN = NO;
				GCC_OPTIMIZATION_LEVEL = 0;
				GCC_PREPROCESSOR_DEFINITIONS = ("'CMAKE_INTDIR=\"$(CONFIGURATION)$(EFFECTIVE_PLATFORM_NAME)\"'","$(inherited)");
				GCC_SYMBOLS_PRIVATE_EXTERN = NO;
				INSTALL_PATH = "";
				OTHER_LDFLAGS = ("","$(inherited)");
				OTHER_REZFLAGS = "";
				PRODUCT_NAME = ZERO_CHECK;
				SECTORDER_FLAGS = "";
				SYMROOT = /Users/BrightLand/Envy/OpenCV/apps/visualisation;
				USE_HEADERMAP = NO;
				WARNING_CFLAGS = ("$(inherited)");
			};
			name = Release;
		};
		D460C9B920D241B1B98D0667 /* Release */ = {
			isa = XCBuildConfiguration;
			buildSettings = {
				ARCHS = "$(NATIVE_ARCH_ACTUAL)";
				ONLY_ACTIVE_ARCH = YES;
				SDKROOT = /Applications/Xcode.app/Contents/Developer/Platforms/MacOSX.platform/Developer/SDKs/MacOSX12.1.sdk;
				SYMROOT = /Users/BrightLand/Envy/OpenCV/apps/visualisation/build;
			};
			name = Release;
		};
		E9A6F0A05AF74B7F92B54A9D /* Debug */ = {
			isa = XCBuildConfiguration;
			buildSettings = {
				COMBINE_HIDPI_IMAGES = YES;
				GCC_GENERATE_DEBUGGING_SYMBOLS = YES;
				GCC_INLINES_ARE_PRIVATE_EXTERN = NO;
				GCC_OPTIMIZATION_LEVEL = 0;
				GCC_PREPROCESSOR_DEFINITIONS = ("'CMAKE_INTDIR=\"$(CONFIGURATION)$(EFFECTIVE_PLATFORM_NAME)\"'","$(inherited)");
				GCC_SYMBOLS_PRIVATE_EXTERN = NO;
				INSTALL_PATH = "";
				OTHER_LDFLAGS = ("","$(inherited)");
				OTHER_REZFLAGS = "";
				PRODUCT_NAME = ZERO_CHECK;
				SECTORDER_FLAGS = "";
				SYMROOT = /Users/BrightLand/Envy/OpenCV/apps/visualisation;
				USE_HEADERMAP = NO;
				WARNING_CFLAGS = ("$(inherited)");
			};
			name = Debug;
		};
		EB6D2D78DA2C4EEABB818B14 /* Debug */ = {
			isa = XCBuildConfiguration;
			buildSettings = {
				COMBINE_HIDPI_IMAGES = YES;
				GCC_GENERATE_DEBUGGING_SYMBOLS = YES;
				GCC_INLINES_ARE_PRIVATE_EXTERN = NO;
				GCC_OPTIMIZATION_LEVEL = 0;
				GCC_PREPROCESSOR_DEFINITIONS = ("'CMAKE_INTDIR=\"$(CONFIGURATION)$(EFFECTIVE_PLATFORM_NAME)\"'","$(inherited)");
				GCC_SYMBOLS_PRIVATE_EXTERN = NO;
				INSTALL_PATH = "";
				OTHER_LDFLAGS = ("","$(inherited)");
				OTHER_REZFLAGS = "";
				PRODUCT_NAME = ALL_BUILD;
				SECTORDER_FLAGS = "";
				SYMROOT = /Users/BrightLand/Envy/OpenCV/apps/visualisation;
				USE_HEADERMAP = NO;
				WARNING_CFLAGS = ("$(inherited)");
			};
			name = Debug;
		};
/* End XCBuildConfiguration section */

/* Begin XCConfigurationList section */
		02395EEDBD8B406EA9FCDD3A /* Build configuration list for PBXProject "opencv_visualisation" */ = {
			isa = XCConfigurationList;
			buildConfigurations = (
				8787A44BB5714F969D89F28B /* Debug */,
				D460C9B920D241B1B98D0667 /* Release */,
			);
			defaultConfigurationIsVisible = 0;
			defaultConfigurationName = Debug;
		};
		040DE704F215439393D81E39 /* Build configuration list for PBXAggregateTarget "ZERO_CHECK" */ = {
			isa = XCConfigurationList;
			buildConfigurations = (
				E9A6F0A05AF74B7F92B54A9D /* Debug */,
				D2893E57C94C400DA86892DC /* Release */,
			);
			defaultConfigurationIsVisible = 0;
			defaultConfigurationName = Debug;
		};
		4F627D3845EC477D90BC901D /* Build configuration list for PBXNativeTarget "opencv_visualisation" */ = {
			isa = XCConfigurationList;
			buildConfigurations = (
				88E8A3B84ED3426EA2FA6C45 /* Debug */,
				445F2C46CE1F41D2B26E80C3 /* Release */,
			);
			defaultConfigurationIsVisible = 0;
			defaultConfigurationName = Debug;
		};
		6038D509E0694A4390002B82 /* Build configuration list for PBXAggregateTarget "RUN_TESTS" */ = {
			isa = XCConfigurationList;
			buildConfigurations = (
				C5E99AE9D6314331B4317F83 /* Debug */,
				CC36E4A38DF74F258C3A3547 /* Release */,
			);
			defaultConfigurationIsVisible = 0;
			defaultConfigurationName = Debug;
		};
		80E6CB012F8D445C89CED760 /* Build configuration list for PBXAggregateTarget "ALL_BUILD" */ = {
			isa = XCConfigurationList;
			buildConfigurations = (
				EB6D2D78DA2C4EEABB818B14 /* Debug */,
				1C1FE8FD4BB9454EBD248006 /* Release */,
			);
			defaultConfigurationIsVisible = 0;
			defaultConfigurationName = Debug;
		};
		8AB6D992568045C28AF04EB7 /* Build configuration list for PBXAggregateTarget "package" */ = {
			isa = XCConfigurationList;
			buildConfigurations = (
				D1E3B2AE21CD4DE38A652A2C /* Debug */,
				61308AE49BF14B75A802678E /* Release */,
			);
			defaultConfigurationIsVisible = 0;
			defaultConfigurationName = Debug;
		};
		E7BEF6F0663447EEA75F5B80 /* Build configuration list for PBXAggregateTarget "install" */ = {
			isa = XCConfigurationList;
			buildConfigurations = (
				4DD611F9D8594DF9A30E172B /* Debug */,
				6FAF2CF634424C85A5ECCBDA /* Release */,
			);
			defaultConfigurationIsVisible = 0;
			defaultConfigurationName = Debug;
		};
/* End XCConfigurationList section */
	};
	rootObject = CE3BD5372AC749929CDA44BE /* Project object */;
}
